---
lockfileVersion: 1
lockfileVendor: redhat
arches:
- arch: aarch64
  packages:
  - url: https://rhsm-pulp.corp.redhat.com/content/public/ubi/dist/ubi8/8/aarch64/baseos/os/Packages/b/basesystem-11-5.el8.noarch.rpm
    repoid: ubi-8-baseos-rpms
    size: 10756
    checksum: sha256:b9584e6823ffe9ccf79282bd57ee076a1e3a71c4c1020a20b5e1975141a50f14
    name: basesystem
    evr: 11-5.el8
    sourcerpm: basesystem-11-5.el8.src.rpm
  - url: https://rhsm-pulp.corp.redhat.com/content/public/ubi/dist/ubi8/8/aarch64/baseos/os/Packages/b/bash-4.4.20-6.el8_10.aarch64.rpm
    repoid: ubi-8-baseos-rpms
    size: 1598728
    checksum: sha256:c9221b2f18716a94ac453c41d705c112d8b4cc91ee0f4a57b05ce3856195d61a
    name: bash
    evr: 4.4.20-6.el8_10
    sourcerpm: bash-4.4.20-6.el8_10.src.rpm
  - url: https://rhsm-pulp.corp.redhat.com/content/public/ubi/dist/ubi8/8/aarch64/baseos/os/Packages/f/filesystem-3.8-6.el8.aarch64.rpm
    repoid: ubi-8-baseos-rpms
    size: 1135824
    checksum: sha256:c7a583ae765afb7a2e81de02601d93a85ce0af6a7fb5db833ab3d4157c65ee3e
    name: filesystem
    evr: 3.8-6.el8
    sourcerpm: filesystem-3.8-6.el8.src.rpm
  - url: https://rhsm-pulp.corp.redhat.com/content/public/ubi/dist/ubi8/8/aarch64/baseos/os/Packages/g/glibc-2.28-251.el8_10.25.aarch64.rpm
    repoid: ubi-8-baseos-rpms
    size: 1883952
    checksum: sha256:838377f266587d4f2d0f6094ca35a53108e4f8c47cb51a98f73317ff83103728
    name: glibc
    evr: 2.28-251.el8_10.25
    sourcerpm: glibc-2.28-251.el8_10.25.src.rpm
  - url: https://rhsm-pulp.corp.redhat.com/content/public/ubi/dist/ubi8/8/aarch64/baseos/os/Packages/g/glibc-all-langpacks-2.28-251.el8_10.25.aarch64.rpm
    repoid: ubi-8-baseos-rpms
    size: 26704288
    checksum: sha256:13fbfcfc89cf02c7052c64a8ee54231fca8e679e6d5d913c3204870630dab4bb
    name: glibc-all-langpacks
    evr: 2.28-251.el8_10.25
    sourcerpm: glibc-2.28-251.el8_10.25.src.rpm
  - url: https://rhsm-pulp.corp.redhat.com/content/public/ubi/dist/ubi8/8/aarch64/baseos/os/Packages/g/glibc-common-2.28-251.el8_10.25.aarch64.rpm
    repoid: ubi-8-baseos-rpms
    size: 1040192
    checksum: sha256:d338bd8738cc09c4e8b8252055eebf4fe5aa0550f3624a5e0c0920c9af55b17c
    name: glibc-common
    evr: 2.28-251.el8_10.25
    sourcerpm: glibc-2.28-251.el8_10.25.src.rpm
  - url: https://rhsm-pulp.corp.redhat.com/content/public/ubi/dist/ubi8/8/aarch64/baseos/os/Packages/g/glibc-devel-2.28-251.el8_10.25.aarch64.rpm
    repoid: ubi-8-baseos-rpms
    size: 89612
    checksum: sha256:581067f6e3d2747b3204392b5d22c166b20fc0fa18edb558ee185e528cbe2454
    name: glibc-devel
    evr: 2.28-251.el8_10.25
    sourcerpm: glibc-2.28-251.el8_10.25.src.rpm
  - url: https://rhsm-pulp.corp.redhat.com/content/public/ubi/dist/ubi8/8/aarch64/baseos/os/Packages/g/glibc-gconv-extra-2.28-251.el8_10.25.aarch64.rpm
    repoid: ubi-8-baseos-rpms
    size: 1849376
    checksum: sha256:d37555102f5b6de2d1867a10159f373909f30eba4f9532ba9b46b02306c9ce4b
    name: glibc-gconv-extra
    evr: 2.28-251.el8_10.25
    sourcerpm: glibc-2.28-251.el8_10.25.src.rpm
  - url: https://rhsm-pulp.corp.redhat.com/content/public/ubi/dist/ubi8/8/aarch64/baseos/os/Packages/g/glibc-headers-2.28-251.el8_10.25.aarch64.rpm
    repoid: ubi-8-baseos-rpms
    size: 496648
    checksum: sha256:b9416358ff33cb109f52bae696e520819332a694698554c22de9496326d28c09
    name: glibc-headers
    evr: 2.28-251.el8_10.25
    sourcerpm: glibc-2.28-251.el8_10.25.src.rpm
  - url: https://rhsm-pulp.corp.redhat.com/content/public/ubi/dist/ubi8/8/aarch64/baseos/os/Packages/i/info-6.5-7.el8.aarch64.rpm
    repoid: ubi-8-baseos-rpms
    size: 195864
    checksum: sha256:ccf7ecf67afb2610c26f74066b8ff56a84ea49aa98f79a9349390938d1a91d6e
    name: info
    evr: 6.5-7.el8
    sourcerpm: texinfo-6.5-7.el8.src.rpm
  - url: https://rhsm-pulp.corp.redhat.com/content/public/ubi/dist/ubi8/8/aarch64/baseos/os/Packages/k/kernel-headers-4.18.0-553.80.1.el8_10.aarch64.rpm
    repoid: ubi-8-baseos-rpms
    size: 12408460
    checksum: sha256:dce44720a1866a7730f17f4b263db7af60bdb6c655c7d17caf0a47fe42acca1d
    name: kernel-headers
    evr: 4.18.0-553.80.1.el8_10
    sourcerpm: kernel-4.18.0-553.80.1.el8_10.src.rpm
  - url: https://rhsm-pulp.corp.redhat.com/content/public/ubi/dist/ubi8/8/aarch64/baseos/os/Packages/l/libgcc-8.5.0-28.el8_10.aarch64.rpm
    repoid: ubi-8-baseos-rpms
    size: 77296
    checksum: sha256:8482ad0342613035a098f6fa872d8bcdbf7a99966e17ac44a2ded9395929e5cc
    name: libgcc
    evr: 8.5.0-28.el8_10
    sourcerpm: gcc-8.5.0-28.el8_10.src.rpm
  - url: https://rhsm-pulp.corp.redhat.com/content/public/ubi/dist/ubi8/8/aarch64/baseos/os/Packages/l/libpkgconf-1.4.2-1.el8.aarch64.rpm
    repoid: ubi-8-baseos-rpms
    size: 34540
    checksum: sha256:a006b695c5a4c6caff337a60a2a6b89a12f0dedb4e2fe47b9f1e68d2a838508f
    name: libpkgconf
    evr: 1.4.2-1.el8
    sourcerpm: pkgconf-1.4.2-1.el8.src.rpm
  - url: https://rhsm-pulp.corp.redhat.com/content/public/ubi/dist/ubi8/8/aarch64/baseos/os/Packages/l/libselinux-2.9-10.el8_10.aarch64.rpm
    repoid: ubi-8-baseos-rpms
    size: 166492
    checksum: sha256:5a2eeeaa180de98a3774877571c8a7bdebd77deca9b741a92be428413ab8e38b
    name: libselinux
    evr: 2.9-10.el8_10
    sourcerpm: libselinux-2.9-10.el8_10.src.rpm
  - url: https://rhsm-pulp.corp.redhat.com/content/public/ubi/dist/ubi8/8/aarch64/baseos/os/Packages/l/libsepol-2.9-3.el8.aarch64.rpm
    repoid: ubi-8-baseos-rpms
    size: 328572
    checksum: sha256:78ea11993c18096c5cba855ecc6d4fc38a8ed8c64eec1075dc09e39a214f944c
    name: libsepol
    evr: 2.9-3.el8
    sourcerpm: libsepol-2.9-3.el8.src.rpm
  - url: https://rhsm-pulp.corp.redhat.com/content/public/ubi/dist/ubi8/8/aarch64/baseos/os/Packages/l/libxcrypt-4.1.1-6.el8.aarch64.rpm
    repoid: ubi-8-baseos-rpms
    size: 74968
    checksum: sha256:4ec5d079ac13fefb47cad6fb97154a15041dd2e09dd895e8e16239e124ba4bab
    name: libxcrypt
    evr: 4.1.1-6.el8
    sourcerpm: libxcrypt-4.1.1-6.el8.src.rpm
  - url: https://rhsm-pulp.corp.redhat.com/content/public/ubi/dist/ubi8/8/aarch64/baseos/os/Packages/l/libxcrypt-devel-4.1.1-6.el8.aarch64.rpm
    repoid: ubi-8-baseos-rpms
    size: 25816
    checksum: sha256:b10759bf7ee3cdcc8e4a485a0f56f86d104fef366d4385b361aae4e42edbf5e9
    name: libxcrypt-devel
    evr: 4.1.1-6.el8
    sourcerpm: libxcrypt-4.1.1-6.el8.src.rpm
  - url: https://rhsm-pulp.corp.redhat.com/content/public/ubi/dist/ubi8/8/aarch64/baseos/os/Packages/n/ncurses-base-6.1-10.20180224.el8.noarch.rpm
    repoid: ubi-8-baseos-rpms
    size: 83276
    checksum: sha256:207f5578dd44a73761178f8b01030151e44d3d046c1578446d558c5a0a2bf34a
    name: ncurses-base
    evr: 6.1-10.20180224.el8
    sourcerpm: ncurses-6.1-10.20180224.el8.src.rpm
  - url: https://rhsm-pulp.corp.redhat.com/content/public/ubi/dist/ubi8/8/aarch64/baseos/os/Packages/n/ncurses-libs-6.1-10.20180224.el8.aarch64.rpm
    repoid: ubi-8-baseos-rpms
    size: 317784
    checksum: sha256:668e404f57607a37eaf35c07154fc4ca1b80bb569b925db71c9747a1ef76d058
    name: ncurses-libs
    evr: 6.1-10.20180224.el8
    sourcerpm: ncurses-6.1-10.20180224.el8.src.rpm
  - url: https://rhsm-pulp.corp.redhat.com/content/public/ubi/dist/ubi8/8/aarch64/baseos/os/Packages/p/pcre2-10.32-3.el8_6.aarch64.rpm
    repoid: ubi-8-baseos-rpms
    size: 224432
    checksum: sha256:56915a4bb482da61d720e0aa3cce6b7793c21d6568f14be6f50fa554a5e062ac
    name: pcre2
    evr: 10.32-3.el8_6
    sourcerpm: pcre2-10.32-3.el8_6.src.rpm
  - url: https://rhsm-pulp.corp.redhat.com/content/public/ubi/dist/ubi8/8/aarch64/baseos/os/Packages/p/pkgconf-1.4.2-1.el8.aarch64.rpm
    repoid: ubi-8-baseos-rpms
    size: 38244
    checksum: sha256:1d39ffccb1971cf4c3b6d6e6c6415c9fceb50238f312ab9fa2417bce03679785
    name: pkgconf
    evr: 1.4.2-1.el8
    sourcerpm: pkgconf-1.4.2-1.el8.src.rpm
  - url: https://rhsm-pulp.corp.redhat.com/content/public/ubi/dist/ubi8/8/aarch64/baseos/os/Packages/p/pkgconf-m4-1.4.2-1.el8.noarch.rpm
    repoid: ubi-8-baseos-rpms
    size: 17484
    checksum: sha256:9a89874a5b8326c85c0b34b02c122ffc052b32a12b20354ce95859ac5296a159
    name: pkgconf-m4
    evr: 1.4.2-1.el8
    sourcerpm: pkgconf-1.4.2-1.el8.src.rpm
  - url: https://rhsm-pulp.corp.redhat.com/content/public/ubi/dist/ubi8/8/aarch64/baseos/os/Packages/p/pkgconf-pkg-config-1.4.2-1.el8.aarch64.rpm
    repoid: ubi-8-baseos-rpms
    size: 15604
    checksum: sha256:421dd99d6a2654b08f01d62c1921116f80d6799eb99ff58c45ac055b3d7f731a
    name: pkgconf-pkg-config
    evr: 1.4.2-1.el8
    sourcerpm: pkgconf-1.4.2-1.el8.src.rpm
  - url: https://rhsm-pulp.corp.redhat.com/content/public/ubi/dist/ubi8/8/aarch64/baseos/os/Packages/r/redhat-release-8.10-0.3.el8.aarch64.rpm
    repoid: ubi-8-baseos-rpms
    size: 46572
    checksum: sha256:36adeb5ca65f60c65d55f92969f825f60d407cc9d1d0922ace9ac1a904a4d3ff
    name: redhat-release
    evr: 8.10-0.3.el8
    sourcerpm: redhat-release-8.10-0.3.el8.src.rpm
  - url: https://rhsm-pulp.corp.redhat.com/content/public/ubi/dist/ubi8/8/aarch64/baseos/os/Packages/s/setup-2.12.2-9.el8.noarch.rpm
    repoid: ubi-8-baseos-rpms
    size: 185300
    checksum: sha256:da010e1bf1c658361a7b2a38c86bcfc82470c994b2793f5f80509d73cb468fd6
    name: setup
    evr: 2.12.2-9.el8
    sourcerpm: setup-2.12.2-9.el8.src.rpm
  - url: https://rhsm-pulp.corp.redhat.com/content/public/ubi/dist/ubi8/8/aarch64/baseos/os/Packages/t/tzdata-2025b-1.el8.noarch.rpm
    repoid: ubi-8-baseos-rpms
    size: 488428
    checksum: sha256:338539f7f0cd2770694153af81e2e65121b050a1bb555ad66a6fb6f562732602
    name: tzdata
    evr: 2025b-1.el8
    sourcerpm: tzdata-2025b-1.el8.src.rpm
  - url: https://rhsm-pulp.corp.redhat.com/content/public/ubi/dist/ubi8/8/aarch64/baseos/os/Packages/z/zlib-1.2.11-25.el8.aarch64.rpm
    repoid: ubi-8-baseos-rpms
    size: 103720
    checksum: sha256:72c5243e35db9b44c8844858d24aed8fd8126fab124362ee66e63ee643ecb0f5
    name: zlib
    evr: 1.2.11-25.el8
    sourcerpm: zlib-1.2.11-25.el8.src.rpm
  - url: https://rhsm-pulp.corp.redhat.com/content/public/ubi/dist/ubi8/8/aarch64/codeready-builder/os/Packages/g/glibc-static-2.28-251.el8_10.25.aarch64.rpm
    repoid: ubi-8-codeready-builder-rpms
    size: 1658492
    checksum: sha256:f20b1dbd648c6d6d943efaec9883e01a3ba12584e36182cfddf7e0f912d2262a
    name: glibc-static
    evr: 2.28-251.el8_10.25
    sourcerpm: glibc-2.28-251.el8_10.25.src.rpm
  - url: https://rhsm-pulp.corp.redhat.com/content/public/ubi/dist/ubi8/8/aarch64/codeready-builder/os/Packages/l/libxcrypt-static-4.1.1-6.el8.aarch64.rpm
    repoid: ubi-8-codeready-builder-rpms
    size: 59004
    checksum: sha256:a33334119f4525962e12a0d9e2eea3972c1854c37a89335768736f9f497ac6d7
    name: libxcrypt-static
    evr: 4.1.1-6.el8
    sourcerpm: libxcrypt-4.1.1-6.el8.src.rpm
  source: []
  module_metadata: []
- arch: ppc64le
  packages:
  - url: https://rhsm-pulp.corp.redhat.com/content/public/ubi/dist/ubi8/8/ppc64le/baseos/os/Packages/b/basesystem-11-5.el8.noarch.rpm
    repoid: ubi-8-baseos-rpms
    size: 10756
    checksum: sha256:b9584e6823ffe9ccf79282bd57ee076a1e3a71c4c1020a20b5e1975141a50f14
    name: basesystem
    evr: 11-5.el8
    sourcerpm: basesystem-11-5.el8.src.rpm
  - url: https://rhsm-pulp.corp.redhat.com/content/public/ubi/dist/ubi8/8/ppc64le/baseos/os/Packages/b/bash-4.4.20-6.el8_10.ppc64le.rpm
    repoid: ubi-8-baseos-rpms
    size: 1666580
    checksum: sha256:31b8bf9caf03529cc9e474d7c2c990ebdc66605de410d30d16d078b0dd0f3cfa
    name: bash
    evr: 4.4.20-6.el8_10
    sourcerpm: bash-4.4.20-6.el8_10.src.rpm
  - url: https://rhsm-pulp.corp.redhat.com/content/public/ubi/dist/ubi8/8/ppc64le/baseos/os/Packages/f/filesystem-3.8-6.el8.ppc64le.rpm
    repoid: ubi-8-baseos-rpms
    size: 1135836
    checksum: sha256:2633a4bbf84f4781a11dfd65d33e44d4f01af1e0bb6516aa4a4c70c08c9b71dc
    name: filesystem
    evr: 3.8-6.el8
    sourcerpm: filesystem-3.8-6.el8.src.rpm
  - url: https://rhsm-pulp.corp.redhat.com/content/public/ubi/dist/ubi8/8/ppc64le/baseos/os/Packages/g/glibc-2.28-251.el8_10.25.ppc64le.rpm
    repoid: ubi-8-baseos-rpms
    size: 3516808
    checksum: sha256:094b5376183d831dcc17a543598a98c1ff29a08568b5d2b3285dffbeea00fadd
    name: glibc
    evr: 2.28-251.el8_10.25
    sourcerpm: glibc-2.28-251.el8_10.25.src.rpm
  - url: https://rhsm-pulp.corp.redhat.com/content/public/ubi/dist/ubi8/8/ppc64le/baseos/os/Packages/g/glibc-all-langpacks-2.28-251.el8_10.25.ppc64le.rpm
    repoid: ubi-8-baseos-rpms
    size: 26767584
    checksum: sha256:9631b55e046cf10e2ba49b9c22677e56752364edbe8e10a521f047014d768b52
    name: glibc-all-langpacks
    evr: 2.28-251.el8_10.25
    sourcerpm: glibc-2.28-251.el8_10.25.src.rpm
  - url: https://rhsm-pulp.corp.redhat.com/content/public/ubi/dist/ubi8/8/ppc64le/baseos/os/Packages/g/glibc-common-2.28-251.el8_10.25.ppc64le.rpm
    repoid: ubi-8-baseos-rpms
    size: 1055260
    checksum: sha256:e62ac475c1cb8521b88d7baa64dc348b3705bdfa380176e30fc4145bd821ae08
    name: glibc-common
    evr: 2.28-251.el8_10.25
    sourcerpm: glibc-2.28-251.el8_10.25.src.rpm
  - url: https://rhsm-pulp.corp.redhat.com/content/public/ubi/dist/ubi8/8/ppc64le/baseos/os/Packages/g/glibc-devel-2.28-251.el8_10.25.ppc64le.rpm
    repoid: ubi-8-baseos-rpms
    size: 108564
    checksum: sha256:4ebdf04ce0a7234ea4177e64542aaf23e66756ec115fa5d561e60c85e6523a92
    name: glibc-devel
    evr: 2.28-251.el8_10.25
    sourcerpm: glibc-2.28-251.el8_10.25.src.rpm
  - url: https://rhsm-pulp.corp.redhat.com/content/public/ubi/dist/ubi8/8/ppc64le/baseos/os/Packages/g/glibc-gconv-extra-2.28-251.el8_10.25.ppc64le.rpm
    repoid: ubi-8-baseos-rpms
    size: 1867560
    checksum: sha256:b0dae5b019df1d6cff5b015bed1146ca5712bcfc758a0a792d50109b7e1c9685
    name: glibc-gconv-extra
    evr: 2.28-251.el8_10.25
    sourcerpm: glibc-2.28-251.el8_10.25.src.rpm
  - url: https://rhsm-pulp.corp.redhat.com/content/public/ubi/dist/ubi8/8/ppc64le/baseos/os/Packages/g/glibc-headers-2.28-251.el8_10.25.ppc64le.rpm
    repoid: ubi-8-baseos-rpms
    size: 504252
    checksum: sha256:ebce7ff9c025fe1f21932455e8c6edf423e1dfb74a8a963b6ff09f8355a97ea6
    name: glibc-headers
    evr: 2.28-251.el8_10.25
    sourcerpm: glibc-2.28-251.el8_10.25.src.rpm
  - url: https://rhsm-pulp.corp.redhat.com/content/public/ubi/dist/ubi8/8/ppc64le/baseos/os/Packages/i/info-6.5-7.el8.ppc64le.rpm
    repoid: ubi-8-baseos-rpms
    size: 220672
    checksum: sha256:1e3b965b17db37287b542a6b6c269b9f727376c5a1c33421f652d4bb811187ab
    name: info
    evr: 6.5-7.el8
    sourcerpm: texinfo-6.5-7.el8.src.rpm
  - url: https://rhsm-pulp.corp.redhat.com/content/public/ubi/dist/ubi8/8/ppc64le/baseos/os/Packages/k/kernel-headers-4.18.0-553.80.1.el8_10.ppc64le.rpm
    repoid: ubi-8-baseos-rpms
    size: 12427796
    checksum: sha256:9729f36ae2e659393e533d4fe806b42c40032ccc6f33150c063b7e7d81df8619
    name: kernel-headers
    evr: 4.18.0-553.80.1.el8_10
    sourcerpm: kernel-4.18.0-553.80.1.el8_10.src.rpm
  - url: https://rhsm-pulp.corp.redhat.com/content/public/ubi/dist/ubi8/8/ppc64le/baseos/os/Packages/l/libgcc-8.5.0-28.el8_10.ppc64le.rpm
    repoid: ubi-8-baseos-rpms
    size: 72884
    checksum: sha256:6e424671e1ed9790d62a65edfcf0bde415318d007194f1b9a43a0f8bfb7f9fe1
    name: libgcc
    evr: 8.5.0-28.el8_10
    sourcerpm: gcc-8.5.0-28.el8_10.src.rpm
  - url: https://rhsm-pulp.corp.redhat.com/content/public/ubi/dist/ubi8/8/ppc64le/baseos/os/Packages/l/libpkgconf-1.4.2-1.el8.ppc64le.rpm
    repoid: ubi-8-baseos-rpms
    size: 39284
    checksum: sha256:be44b47bbd3f227e25f645728e55022bbe5206afa76a955f6629bc50fe9abc53
    name: libpkgconf
    evr: 1.4.2-1.el8
    sourcerpm: pkgconf-1.4.2-1.el8.src.rpm
  - url: https://rhsm-pulp.corp.redhat.com/content/public/ubi/dist/ubi8/8/ppc64le/baseos/os/Packages/l/libselinux-2.9-10.el8_10.ppc64le.rpm
    repoid: ubi-8-baseos-rpms
    size: 182304
    checksum: sha256:52cf0555fe9dc44219153a68fb4411c78347e96e3edb7b5830a9db28fdec3699
    name: libselinux
    evr: 2.9-10.el8_10
    sourcerpm: libselinux-2.9-10.el8_10.src.rpm
  - url: https://rhsm-pulp.corp.redhat.com/content/public/ubi/dist/ubi8/8/ppc64le/baseos/os/Packages/l/libsepol-2.9-3.el8.ppc64le.rpm
    repoid: ubi-8-baseos-rpms
    size: 377308
    checksum: sha256:32d5f9ecb2f91bb0f170439de53978113cd52031c4ef3956f11a6c913af9cb2a
    name: libsepol
    evr: 2.9-3.el8
    sourcerpm: libsepol-2.9-3.el8.src.rpm
  - url: https://rhsm-pulp.corp.redhat.com/content/public/ubi/dist/ubi8/8/ppc64le/baseos/os/Packages/l/libxcrypt-4.1.1-6.el8.ppc64le.rpm
    repoid: ubi-8-baseos-rpms
    size: 78872
    checksum: sha256:4ea0dde6e89eeaf64addadffec27cbac377939755ca085e0a74571058d58352f
    name: libxcrypt
    evr: 4.1.1-6.el8
    sourcerpm: libxcrypt-4.1.1-6.el8.src.rpm
  - url: https://rhsm-pulp.corp.redhat.com/content/public/ubi/dist/ubi8/8/ppc64le/baseos/os/Packages/l/libxcrypt-devel-4.1.1-6.el8.ppc64le.rpm
    repoid: ubi-8-baseos-rpms
    size: 25824
    checksum: sha256:cbb6c0c75696efd8362f0dee4ecc5898642863accf1b1590216d60613d169b3c
    name: libxcrypt-devel
    evr: 4.1.1-6.el8
    sourcerpm: libxcrypt-4.1.1-6.el8.src.rpm
  - url: https://rhsm-pulp.corp.redhat.com/content/public/ubi/dist/ubi8/8/ppc64le/baseos/os/Packages/n/ncurses-base-6.1-10.20180224.el8.noarch.rpm
    repoid: ubi-8-baseos-rpms
    size: 83276
    checksum: sha256:207f5578dd44a73761178f8b01030151e44d3d046c1578446d558c5a0a2bf34a
    name: ncurses-base
    evr: 6.1-10.20180224.el8
    sourcerpm: ncurses-6.1-10.20180224.el8.src.rpm
  - url: https://rhsm-pulp.corp.redhat.com/content/public/ubi/dist/ubi8/8/ppc64le/baseos/os/Packages/n/ncurses-libs-6.1-10.20180224.el8.ppc64le.rpm
    repoid: ubi-8-baseos-rpms
    size: 369876
    checksum: sha256:753dab39ba2d7dab995b99e04206deed46ca24e47eea43ccd82af1b6ceda28d3
    name: ncurses-libs
    evr: 6.1-10.20180224.el8
    sourcerpm: ncurses-6.1-10.20180224.el8.src.rpm
  - url: https://rhsm-pulp.corp.redhat.com/content/public/ubi/dist/ubi8/8/ppc64le/baseos/os/Packages/p/pcre2-10.32-3.el8_6.ppc64le.rpm
    repoid: ubi-8-baseos-rpms
    size: 243688
    checksum: sha256:21030b61a5ceeb9d8cb1aaf24dd592be14c6ee92c7eb52923d8a686e2795ea61
    name: pcre2
    evr: 10.32-3.el8_6
    sourcerpm: pcre2-10.32-3.el8_6.src.rpm
  - url: https://rhsm-pulp.corp.redhat.com/content/public/ubi/dist/ubi8/8/ppc64le/baseos/os/Packages/p/pkgconf-1.4.2-1.el8.ppc64le.rpm
    repoid: ubi-8-baseos-rpms
    size: 39616
    checksum: sha256:5247ecf6db41cf55db819e36b36be26806bac55d542183e8375177f582420035
    name: pkgconf
    evr: 1.4.2-1.el8
    sourcerpm: pkgconf-1.4.2-1.el8.src.rpm
  - url: https://rhsm-pulp.corp.redhat.com/content/public/ubi/dist/ubi8/8/ppc64le/baseos/os/Packages/p/pkgconf-m4-1.4.2-1.el8.noarch.rpm
    repoid: ubi-8-baseos-rpms
    size: 17484
    checksum: sha256:9a89874a5b8326c85c0b34b02c122ffc052b32a12b20354ce95859ac5296a159
    name: pkgconf-m4
    evr: 1.4.2-1.el8
    sourcerpm: pkgconf-1.4.2-1.el8.src.rpm
  - url: https://rhsm-pulp.corp.redhat.com/content/public/ubi/dist/ubi8/8/ppc64le/baseos/os/Packages/p/pkgconf-pkg-config-1.4.2-1.el8.ppc64le.rpm
    repoid: ubi-8-baseos-rpms
    size: 15616
    checksum: sha256:0a5344c56c015390b8e0e638246f3ccfef654bf185735b8f8238ef804f9912eb
    name: pkgconf-pkg-config
    evr: 1.4.2-1.el8
    sourcerpm: pkgconf-1.4.2-1.el8.src.rpm
  - url: https://rhsm-pulp.corp.redhat.com/content/public/ubi/dist/ubi8/8/ppc64le/baseos/os/Packages/r/redhat-release-8.10-0.3.el8.ppc64le.rpm
    repoid: ubi-8-baseos-rpms
    size: 46592
    checksum: sha256:5597e2a5503d465b15f1328e1cd4bd9276372c2f389179a7f3fb2e76b47cbffa
    name: redhat-release
    evr: 8.10-0.3.el8
    sourcerpm: redhat-release-8.10-0.3.el8.src.rpm
  - url: https://rhsm-pulp.corp.redhat.com/content/public/ubi/dist/ubi8/8/ppc64le/baseos/os/Packages/s/setup-2.12.2-9.el8.noarch.rpm
    repoid: ubi-8-baseos-rpms
    size: 185300
    checksum: sha256:da010e1bf1c658361a7b2a38c86bcfc82470c994b2793f5f80509d73cb468fd6
    name: setup
    evr: 2.12.2-9.el8
    sourcerpm: setup-2.12.2-9.el8.src.rpm
  - url: https://rhsm-pulp.corp.redhat.com/content/public/ubi/dist/ubi8/8/ppc64le/baseos/os/Packages/t/tzdata-2025b-1.el8.noarch.rpm
    repoid: ubi-8-baseos-rpms
    size: 488428
    checksum: sha256:338539f7f0cd2770694153af81e2e65121b050a1bb555ad66a6fb6f562732602
    name: tzdata
    evr: 2025b-1.el8
    sourcerpm: tzdata-2025b-1.el8.src.rpm
  - url: https://rhsm-pulp.corp.redhat.com/content/public/ubi/dist/ubi8/8/ppc64le/baseos/os/Packages/z/zlib-1.2.11-25.el8.ppc64le.rpm
    repoid: ubi-8-baseos-rpms
    size: 115624
    checksum: sha256:f0dc7707a13407191e48bd5afbc7e72d33ef3c3c4af0e0fcba079041e1804f4b
    name: zlib
    evr: 1.2.11-25.el8
    sourcerpm: zlib-1.2.11-25.el8.src.rpm
  - url: https://rhsm-pulp.corp.redhat.com/content/public/ubi/dist/ubi8/8/ppc64le/codeready-builder/os/Packages/g/glibc-static-2.28-251.el8_10.25.ppc64le.rpm
    repoid: ubi-8-codeready-builder-rpms
    size: 2035252
    checksum: sha256:ead6b5a8c9bd70b679a25bf2ff077f0db4b092c7e31dad6bd2bdcb29115de363
    name: glibc-static
    evr: 2.28-251.el8_10.25
    sourcerpm: glibc-2.28-251.el8_10.25.src.rpm
  - url: https://rhsm-pulp.corp.redhat.com/content/public/ubi/dist/ubi8/8/ppc64le/codeready-builder/os/Packages/l/libxcrypt-static-4.1.1-6.el8.ppc64le.rpm
    repoid: ubi-8-codeready-builder-rpms
    size: 62092
    checksum: sha256:82fa95a327858f55a9ec44f242e6e75c89d4bacfb8cec473dd46dcb9a6255410
    name: libxcrypt-static
    evr: 4.1.1-6.el8
    sourcerpm: libxcrypt-4.1.1-6.el8.src.rpm
  source: []
  module_metadata: []
- arch: s390x
  packages:
  - url: https://rhsm-pulp.corp.redhat.com/content/public/ubi/dist/ubi8/8/s390x/baseos/os/Packages/b/basesystem-11-5.el8.noarch.rpm
    repoid: ubi-8-baseos-rpms
    size: 10756
    checksum: sha256:b9584e6823ffe9ccf79282bd57ee076a1e3a71c4c1020a20b5e1975141a50f14
    name: basesystem
    evr: 11-5.el8
    sourcerpm: basesystem-11-5.el8.src.rpm
  - url: https://rhsm-pulp.corp.redhat.com/content/public/ubi/dist/ubi8/8/s390x/baseos/os/Packages/b/bash-4.4.20-6.el8_10.s390x.rpm
    repoid: ubi-8-baseos-rpms
    size: 1612572
    checksum: sha256:f19a954ce8eeea4b4cc2cc46f448e6d3d31614cb3f464a47d24d224ee4ebd21d
    name: bash
    evr: 4.4.20-6.el8_10
    sourcerpm: bash-4.4.20-6.el8_10.src.rpm
  - url: https://rhsm-pulp.corp.redhat.com/content/public/ubi/dist/ubi8/8/s390x/baseos/os/Packages/f/filesystem-3.8-6.el8.s390x.rpm
    repoid: ubi-8-baseos-rpms
    size: 1135720
    checksum: sha256:b1cfef82ae820c49d8d1c80b6cb62185520e2562982ac731ca054397470ccce1
    name: filesystem
    evr: 3.8-6.el8
    sourcerpm: filesystem-3.8-6.el8.src.rpm
  - url: https://rhsm-pulp.corp.redhat.com/content/public/ubi/dist/ubi8/8/s390x/baseos/os/Packages/g/glibc-2.28-251.el8_10.25.s390x.rpm
    repoid: ubi-8-baseos-rpms
    size: 1876452
    checksum: sha256:fac8df4ecd6aea4213786aca01d24a9e5211d6b8ff674660ad4dd268673ac676
    name: glibc
    evr: 2.28-251.el8_10.25
    sourcerpm: glibc-2.28-251.el8_10.25.src.rpm
  - url: https://rhsm-pulp.corp.redhat.com/content/public/ubi/dist/ubi8/8/s390x/baseos/os/Packages/g/glibc-all-langpacks-2.28-251.el8_10.25.s390x.rpm
    repoid: ubi-8-baseos-rpms
    size: 25899496
    checksum: sha256:e6c755142065999fbeead361eb3ceca70da40c4774302b6446b17ee668702ea0
    name: glibc-all-langpacks
    evr: 2.28-251.el8_10.25
    sourcerpm: glibc-2.28-251.el8_10.25.src.rpm
  - url: https://rhsm-pulp.corp.redhat.com/content/public/ubi/dist/ubi8/8/s390x/baseos/os/Packages/g/glibc-common-2.28-251.el8_10.25.s390x.rpm
    repoid: ubi-8-baseos-rpms
    size: 1220760
    checksum: sha256:52836fabdf2695da3b2fd0dc0b22a1ceb1b94e96f531875864ccd558181db0bd
    name: glibc-common
    evr: 2.28-251.el8_10.25
    sourcerpm: glibc-2.28-251.el8_10.25.src.rpm
  - url: https://rhsm-pulp.corp.redhat.com/content/public/ubi/dist/ubi8/8/s390x/baseos/os/Packages/g/glibc-devel-2.28-251.el8_10.25.s390x.rpm
    repoid: ubi-8-baseos-rpms
    size: 108628
    checksum: sha256:ebda9818faad58d47e23165c9672adc749015c65acc17b0990c8267254b38f10
    name: glibc-devel
    evr: 2.28-251.el8_10.25
    sourcerpm: glibc-2.28-251.el8_10.25.src.rpm
  - url: https://rhsm-pulp.corp.redhat.com/content/public/ubi/dist/ubi8/8/s390x/baseos/os/Packages/g/glibc-gconv-extra-2.28-251.el8_10.25.s390x.rpm
    repoid: ubi-8-baseos-rpms
    size: 1588004
    checksum: sha256:c833f3bc8653379f829ed2fa3709bc5642b331bbb508758feb8000e884672e12
    name: glibc-gconv-extra
    evr: 2.28-251.el8_10.25
    sourcerpm: glibc-2.28-251.el8_10.25.src.rpm
  - url: https://rhsm-pulp.corp.redhat.com/content/public/ubi/dist/ubi8/8/s390x/baseos/os/Packages/g/glibc-headers-2.28-251.el8_10.25.s390x.rpm
    repoid: ubi-8-baseos-rpms
    size: 497904
    checksum: sha256:2830e5b9008a1c441b64bcebf752c085d4ee6f40d3c69f2aecbe09514d038e64
    name: glibc-headers
    evr: 2.28-251.el8_10.25
    sourcerpm: glibc-2.28-251.el8_10.25.src.rpm
  - url: https://rhsm-pulp.corp.redhat.com/content/public/ubi/dist/ubi8/8/s390x/baseos/os/Packages/i/info-6.5-7.el8.s390x.rpm
    repoid: ubi-8-baseos-rpms
    size: 199680
    checksum: sha256:766779651139edb1b2a7f7c97d56dcec173dec0acb971471e11cb3a3aab74edf
    name: info
    evr: 6.5-7.el8
    sourcerpm: texinfo-6.5-7.el8.src.rpm
  - url: https://rhsm-pulp.corp.redhat.com/content/public/ubi/dist/ubi8/8/s390x/baseos/os/Packages/k/kernel-headers-4.18.0-553.81.1.el8_10.s390x.rpm
    repoid: ubi-8-baseos-rpms
    size: 12443632
    checksum: sha256:5dd2d83316e92a558b10995c0abd1cdb5c63f25282606a8493b7d240514bd395
    name: kernel-headers
    evr: 4.18.0-553.81.1.el8_10
    sourcerpm: kernel-4.18.0-553.81.1.el8_10.src.rpm
  - url: https://rhsm-pulp.corp.redhat.com/content/public/ubi/dist/ubi8/8/s390x/baseos/os/Packages/l/libgcc-8.5.0-28.el8_10.s390x.rpm
    repoid: ubi-8-baseos-rpms
    size: 68068
    checksum: sha256:cdde9e600223c1fdbfc3a180be5587efd627cc8704c3be29899677cec4d443c9
    name: libgcc
    evr: 8.5.0-28.el8_10
    sourcerpm: gcc-8.5.0-28.el8_10.src.rpm
  - url: https://rhsm-pulp.corp.redhat.com/content/public/ubi/dist/ubi8/8/s390x/baseos/os/Packages/l/libpkgconf-1.4.2-1.el8.s390x.rpm
    repoid: ubi-8-baseos-rpms
    size: 34460
    checksum: sha256:baf0849b9de4c229b6e25d0c1f834bc6df96d49053c67d7eef95f38fb71ebf52
    name: libpkgconf
    evr: 1.4.2-1.el8
    sourcerpm: pkgconf-1.4.2-1.el8.src.rpm
  - url: https://rhsm-pulp.corp.redhat.com/content/public/ubi/dist/ubi8/8/s390x/baseos/os/Packages/l/libselinux-2.9-10.el8_10.s390x.rpm
    repoid: ubi-8-baseos-rpms
    size: 167768
    checksum: sha256:172bcf348933501b3cb89a339906c0f847db2ef0a2457732cb6146e74462725d
    name: libselinux
    evr: 2.9-10.el8_10
    sourcerpm: libselinux-2.9-10.el8_10.src.rpm
  - url: https://rhsm-pulp.corp.redhat.com/content/public/ubi/dist/ubi8/8/s390x/baseos/os/Packages/l/libsepol-2.9-3.el8.s390x.rpm
    repoid: ubi-8-baseos-rpms
    size: 323812
    checksum: sha256:d58e35dac7a97239cb216b48d6b7e5d9d509e5152a9e88f94b14a33b10efb7cf
    name: libsepol
    evr: 2.9-3.el8
    sourcerpm: libsepol-2.9-3.el8.src.rpm
  - url: https://rhsm-pulp.corp.redhat.com/content/public/ubi/dist/ubi8/8/s390x/baseos/os/Packages/l/libxcrypt-4.1.1-6.el8.s390x.rpm
    repoid: ubi-8-baseos-rpms
    size: 73536
    checksum: sha256:e3764f6655e5d32df99bd7d3f88ac99d5210dc5b3246ca65ec7dce92bb2f54ee
    name: libxcrypt
    evr: 4.1.1-6.el8
    sourcerpm: libxcrypt-4.1.1-6.el8.src.rpm
  - url: https://rhsm-pulp.corp.redhat.com/content/public/ubi/dist/ubi8/8/s390x/baseos/os/Packages/l/libxcrypt-devel-4.1.1-6.el8.s390x.rpm
    repoid: ubi-8-baseos-rpms
    size: 25840
    checksum: sha256:29563c1e9a791c2399fdfc87f7e672c411bfbe5165a7bc73183a2c987ef19471
    name: libxcrypt-devel
    evr: 4.1.1-6.el8
    sourcerpm: libxcrypt-4.1.1-6.el8.src.rpm
  - url: https://rhsm-pulp.corp.redhat.com/content/public/ubi/dist/ubi8/8/s390x/baseos/os/Packages/n/ncurses-base-6.1-10.20180224.el8.noarch.rpm
    repoid: ubi-8-baseos-rpms
    size: 83276
    checksum: sha256:207f5578dd44a73761178f8b01030151e44d3d046c1578446d558c5a0a2bf34a
    name: ncurses-base
    evr: 6.1-10.20180224.el8
    sourcerpm: ncurses-6.1-10.20180224.el8.src.rpm
  - url: https://rhsm-pulp.corp.redhat.com/content/public/ubi/dist/ubi8/8/s390x/baseos/os/Packages/n/ncurses-libs-6.1-10.20180224.el8.s390x.rpm
    repoid: ubi-8-baseos-rpms
    size: 325648
    checksum: sha256:347c110ccb601cbd2f0c066b72bf1b13d662a9ae1c8ac05d2e569b3f968c2085
    name: ncurses-libs
    evr: 6.1-10.20180224.el8
    sourcerpm: ncurses-6.1-10.20180224.el8.src.rpm
  - url: https://rhsm-pulp.corp.redhat.com/content/public/ubi/dist/ubi8/8/s390x/baseos/os/Packages/p/pcre2-10.32-3.el8_6.s390x.rpm
    repoid: ubi-8-baseos-rpms
    size: 165272
    checksum: sha256:c9dc884be87f6642e0e9e79b7c64ce34e5424635c3a3a51995e34917e76dc15e
    name: pcre2
    evr: 10.32-3.el8_6
    sourcerpm: pcre2-10.32-3.el8_6.src.rpm
  - url: https://rhsm-pulp.corp.redhat.com/content/public/ubi/dist/ubi8/8/s390x/baseos/os/Packages/p/pkgconf-1.4.2-1.el8.s390x.rpm
    repoid: ubi-8-baseos-rpms
    size: 38456
    checksum: sha256:dfc66ad26e3a0462454c38d08c96f40d7a9bd5b4a54befc84d9b160411389d7a
    name: pkgconf
    evr: 1.4.2-1.el8
    sourcerpm: pkgconf-1.4.2-1.el8.src.rpm
  - url: https://rhsm-pulp.corp.redhat.com/content/public/ubi/dist/ubi8/8/s390x/baseos/os/Packages/p/pkgconf-m4-1.4.2-1.el8.noarch.rpm
    repoid: ubi-8-baseos-rpms
    size: 17484
    checksum: sha256:9a89874a5b8326c85c0b34b02c122ffc052b32a12b20354ce95859ac5296a159
    name: pkgconf-m4
    evr: 1.4.2-1.el8
    sourcerpm: pkgconf-1.4.2-1.el8.src.rpm
  - url: https://rhsm-pulp.corp.redhat.com/content/public/ubi/dist/ubi8/8/s390x/baseos/os/Packages/p/pkgconf-pkg-config-1.4.2-1.el8.s390x.rpm
    repoid: ubi-8-baseos-rpms
    size: 15640
    checksum: sha256:b6085bdc7a6ac3df0bb71a11b789ff5ce8475ba0dadd5bceae97ec98d1aec5c8
    name: pkgconf-pkg-config
    evr: 1.4.2-1.el8
    sourcerpm: pkgconf-1.4.2-1.el8.src.rpm
  - url: https://rhsm-pulp.corp.redhat.com/content/public/ubi/dist/ubi8/8/s390x/baseos/os/Packages/r/redhat-release-8.10-0.3.el8.s390x.rpm
    repoid: ubi-8-baseos-rpms
    size: 46564
    checksum: sha256:a60c0c08e96063ae13833702dc040637f1390d08e3f5d8f19ba24f299b28135c
    name: redhat-release
    evr: 8.10-0.3.el8
    sourcerpm: redhat-release-8.10-0.3.el8.src.rpm
  - url: https://rhsm-pulp.corp.redhat.com/content/public/ubi/dist/ubi8/8/s390x/baseos/os/Packages/s/setup-2.12.2-9.el8.noarch.rpm
    repoid: ubi-8-baseos-rpms
    size: 185300
    checksum: sha256:da010e1bf1c658361a7b2a38c86bcfc82470c994b2793f5f80509d73cb468fd6
    name: setup
    evr: 2.12.2-9.el8
    sourcerpm: setup-2.12.2-9.el8.src.rpm
  - url: https://rhsm-pulp.corp.redhat.com/content/public/ubi/dist/ubi8/8/s390x/baseos/os/Packages/t/tzdata-2025b-1.el8.noarch.rpm
    repoid: ubi-8-baseos-rpms
    size: 488428
    checksum: sha256:338539f7f0cd2770694153af81e2e65121b050a1bb555ad66a6fb6f562732602
    name: tzdata
    evr: 2025b-1.el8
    sourcerpm: tzdata-2025b-1.el8.src.rpm
  - url: https://rhsm-pulp.corp.redhat.com/content/public/ubi/dist/ubi8/8/s390x/baseos/os/Packages/z/zlib-1.2.11-25.el8.s390x.rpm
    repoid: ubi-8-baseos-rpms
    size: 110060
    checksum: sha256:7fac5a60d865e4a0e0207a201adbe5089d663bc283b164ed83e6c1b64a152483
    name: zlib
    evr: 1.2.11-25.el8
    sourcerpm: zlib-1.2.11-25.el8.src.rpm
  - url: https://rhsm-pulp.corp.redhat.com/content/public/ubi/dist/ubi8/8/s390x/codeready-builder/os/Packages/g/glibc-static-2.28-251.el8_10.25.s390x.rpm
    repoid: ubi-8-codeready-builder-rpms
    size: 1630588
    checksum: sha256:de1f760884443279e067c6aedfbda5932ecea97a0cfe4342448ceaaf0ec09ab4
    name: glibc-static
    evr: 2.28-251.el8_10.25
    sourcerpm: glibc-2.28-251.el8_10.25.src.rpm
  - url: https://rhsm-pulp.corp.redhat.com/content/public/ubi/dist/ubi8/8/s390x/codeready-builder/os/Packages/l/libxcrypt-static-4.1.1-6.el8.s390x.rpm
    repoid: ubi-8-codeready-builder-rpms
    size: 56728
    checksum: sha256:fa812bfc90dfc385dfcbe9ce85fe945ab3029d62f53148d7092ad7c09ece7071
    name: libxcrypt-static
    evr: 4.1.1-6.el8
    sourcerpm: libxcrypt-4.1.1-6.el8.src.rpm
  source: []
  module_metadata: []
- arch: x86_64
  packages:
  - url: https://rhsm-pulp.corp.redhat.com/content/public/ubi/dist/ubi8/8/x86_64/baseos/os/Packages/b/basesystem-11-5.el8.noarch.rpm
    repoid: ubi-8-baseos-rpms
    size: 10756
    checksum: sha256:b9584e6823ffe9ccf79282bd57ee076a1e3a71c4c1020a20b5e1975141a50f14
    name: basesystem
    evr: 11-5.el8
    sourcerpm: basesystem-11-5.el8.src.rpm
  - url: https://rhsm-pulp.corp.redhat.com/content/public/ubi/dist/ubi8/8/x86_64/baseos/os/Packages/b/bash-4.4.20-6.el8_10.x86_64.rpm
    repoid: ubi-8-baseos-rpms
    size: 1622752
    checksum: sha256:724c4c7f9c64a770cf243619db7dede2a948a125b106fb46b1403f237ceaebef
    name: bash
    evr: 4.4.20-6.el8_10
    sourcerpm: bash-4.4.20-6.el8_10.src.rpm
  - url: https://rhsm-pulp.corp.redhat.com/content/public/ubi/dist/ubi8/8/x86_64/baseos/os/Packages/f/filesystem-3.8-6.el8.x86_64.rpm
    repoid: ubi-8-baseos-rpms
    size: 1135804
    checksum: sha256:f82affbd5887242a28bc5bb3f9b3fffde0bf8e2632e958fbf13a76d450fd358a
    name: filesystem
    evr: 3.8-6.el8
    sourcerpm: filesystem-3.8-6.el8.src.rpm
  - url: https://rhsm-pulp.corp.redhat.com/content/public/ubi/dist/ubi8/8/x86_64/baseos/os/Packages/g/glibc-2.28-251.el8_10.25.x86_64.rpm
    repoid: ubi-8-baseos-rpms
    size: 2307440
    checksum: sha256:67268caded60da2761ad9129cc5e137a9354ec3d82cf04faff37aad6f4aac5cd
    name: glibc
    evr: 2.28-251.el8_10.25
    sourcerpm: glibc-2.28-251.el8_10.25.src.rpm
  - url: https://rhsm-pulp.corp.redhat.com/content/public/ubi/dist/ubi8/8/x86_64/baseos/os/Packages/g/glibc-all-langpacks-2.28-251.el8_10.25.x86_64.rpm
    repoid: ubi-8-baseos-rpms
    size: 26776648
    checksum: sha256:259cabde2b4fe5c56e3d40eaa64cbe7d699f717b5342cdd7b78ae162fe40cb02
    name: glibc-all-langpacks
    evr: 2.28-251.el8_10.25
    sourcerpm: glibc-2.28-251.el8_10.25.src.rpm
  - url: https://rhsm-pulp.corp.redhat.com/content/public/ubi/dist/ubi8/8/x86_64/baseos/os/Packages/g/glibc-common-2.28-251.el8_10.25.x86_64.rpm
    repoid: ubi-8-baseos-rpms
    size: 1052268
    checksum: sha256:81b4674165aaf00314eb2d0543e015c98f0429f8ae6f0f9115061af4db8754fa
    name: glibc-common
    evr: 2.28-251.el8_10.25
    sourcerpm: glibc-2.28-251.el8_10.25.src.rpm
  - url: https://rhsm-pulp.corp.redhat.com/content/public/ubi/dist/ubi8/8/x86_64/baseos/os/Packages/g/glibc-devel-2.28-251.el8_10.25.x86_64.rpm
    repoid: ubi-8-baseos-rpms
    size: 91240
    checksum: sha256:ab21fa93a185ac02c8600b2ca71706b13a8b2ee0b3e1ad4e4952e393bec1ec63
    name: glibc-devel
    evr: 2.28-251.el8_10.25
    sourcerpm: glibc-2.28-251.el8_10.25.src.rpm
  - url: https://rhsm-pulp.corp.redhat.com/content/public/ubi/dist/ubi8/8/x86_64/baseos/os/Packages/g/glibc-gconv-extra-2.28-251.el8_10.25.x86_64.rpm
    repoid: ubi-8-baseos-rpms
    size: 1626580
    checksum: sha256:d5b12f8689cc4c880cbe0b68c241d08b762736286f7cd228c681f9353a167f38
    name: glibc-gconv-extra
    evr: 2.28-251.el8_10.25
    sourcerpm: glibc-2.28-251.el8_10.25.src.rpm
  - url: https://rhsm-pulp.corp.redhat.com/content/public/ubi/dist/ubi8/8/x86_64/baseos/os/Packages/g/glibc-headers-2.28-251.el8_10.25.x86_64.rpm
    repoid: ubi-8-baseos-rpms
    size: 506016
    checksum: sha256:57fb72daf5717a21ccd545645992516d6548638faf37a0956f8e0672f646d4b5
    name: glibc-headers
    evr: 2.28-251.el8_10.25
    sourcerpm: glibc-2.28-251.el8_10.25.src.rpm
  - url: https://rhsm-pulp.corp.redhat.com/content/public/ubi/dist/ubi8/8/x86_64/baseos/os/Packages/i/info-6.5-7.el8.x86_64.rpm
    repoid: ubi-8-baseos-rpms
    size: 203252
    checksum: sha256:c8bf8b80be0af687b21bdc37eed82e582f3efbe2466ce81e59f733d6029fb78b
    name: info
    evr: 6.5-7.el8
    sourcerpm: texinfo-6.5-7.el8.src.rpm
  - url: https://rhsm-pulp.corp.redhat.com/content/public/ubi/dist/ubi8/8/x86_64/baseos/os/Packages/k/kernel-headers-4.18.0-553.80.1.el8_10.x86_64.rpm
    repoid: ubi-8-baseos-rpms
    size: 12440168
    checksum: sha256:f8be82dcb2b73527c6c2a491c3442d52d4bad83825929a68b1d07eb14671d098
    name: kernel-headers
    evr: 4.18.0-553.80.1.el8_10
    sourcerpm: kernel-4.18.0-553.80.1.el8_10.src.rpm
  - url: https://rhsm-pulp.corp.redhat.com/content/public/ubi/dist/ubi8/8/x86_64/baseos/os/Packages/l/libgcc-8.5.0-28.el8_10.x86_64.rpm
    repoid: ubi-8-baseos-rpms
    size: 84328
    checksum: sha256:6901d0887709832430ac8c5ed9d38ff4210b1ecbf7b561807bfa427ae8dcab4e
    name: libgcc
    evr: 8.5.0-28.el8_10
    sourcerpm: gcc-8.5.0-28.el8_10.src.rpm
  - url: https://rhsm-pulp.corp.redhat.com/content/public/ubi/dist/ubi8/8/x86_64/baseos/os/Packages/l/libpkgconf-1.4.2-1.el8.x86_64.rpm
    repoid: ubi-8-baseos-rpms
    size: 35620
    checksum: sha256:96fadfed6a8225a89b331e7b62ed8ee74b393cea1520fa0d89f6f0dc1a458fb3
    name: libpkgconf
    evr: 1.4.2-1.el8
    sourcerpm: pkgconf-1.4.2-1.el8.src.rpm
  - url: https://rhsm-pulp.corp.redhat.com/content/public/ubi/dist/ubi8/8/x86_64/baseos/os/Packages/l/libselinux-2.9-10.el8_10.x86_64.rpm
    repoid: ubi-8-baseos-rpms
    size: 170016
    checksum: sha256:41c31dde6e5e6928f66f5541586a2ed32bb088e8e5585dd6ce1d60c04e1d667f
    name: libselinux
    evr: 2.9-10.el8_10
    sourcerpm: libselinux-2.9-10.el8_10.src.rpm
  - url: https://rhsm-pulp.corp.redhat.com/content/public/ubi/dist/ubi8/8/x86_64/baseos/os/Packages/l/libsepol-2.9-3.el8.x86_64.rpm
    repoid: ubi-8-baseos-rpms
    size: 348080
    checksum: sha256:d35b0de2bd7c4cf0a2389786b7c61c8d4af176640cbd2427373faeb7c8315f6e
    name: libsepol
    evr: 2.9-3.el8
    sourcerpm: libsepol-2.9-3.el8.src.rpm
  - url: https://rhsm-pulp.corp.redhat.com/content/public/ubi/dist/ubi8/8/x86_64/baseos/os/Packages/l/libxcrypt-4.1.1-6.el8.x86_64.rpm
    repoid: ubi-8-baseos-rpms
    size: 74508
    checksum: sha256:ef9144f8c9d3f8c1a28146055370065e7b546f1163caabd08bc7d54667702982
    name: libxcrypt
    evr: 4.1.1-6.el8
    sourcerpm: libxcrypt-4.1.1-6.el8.src.rpm
  - url: https://rhsm-pulp.corp.redhat.com/content/public/ubi/dist/ubi8/8/x86_64/baseos/os/Packages/l/libxcrypt-devel-4.1.1-6.el8.x86_64.rpm
    repoid: ubi-8-baseos-rpms
    size: 25844
    checksum: sha256:f747e081cde1b64bd018e858928aa45dd3b160e6493f8b9c35488a19b6783a84
    name: libxcrypt-devel
    evr: 4.1.1-6.el8
    sourcerpm: libxcrypt-4.1.1-6.el8.src.rpm
  - url: https://rhsm-pulp.corp.redhat.com/content/public/ubi/dist/ubi8/8/x86_64/baseos/os/Packages/n/ncurses-base-6.1-10.20180224.el8.noarch.rpm
    repoid: ubi-8-baseos-rpms
    size: 83276
    checksum: sha256:207f5578dd44a73761178f8b01030151e44d3d046c1578446d558c5a0a2bf34a
    name: ncurses-base
    evr: 6.1-10.20180224.el8
    sourcerpm: ncurses-6.1-10.20180224.el8.src.rpm
  - url: https://rhsm-pulp.corp.redhat.com/content/public/ubi/dist/ubi8/8/x86_64/baseos/os/Packages/n/ncurses-libs-6.1-10.20180224.el8.x86_64.rpm
    repoid: ubi-8-baseos-rpms
    size: 341660
    checksum: sha256:19bd810dfea7846a38a3b61ff47eaf758d2fd9d327e94eb0c7562de4c59414d5
    name: ncurses-libs
    evr: 6.1-10.20180224.el8
    sourcerpm: ncurses-6.1-10.20180224.el8.src.rpm
  - url: https://rhsm-pulp.corp.redhat.com/content/public/ubi/dist/ubi8/8/x86_64/baseos/os/Packages/p/pcre2-10.32-3.el8_6.x86_64.rpm
    repoid: ubi-8-baseos-rpms
    size: 252604
    checksum: sha256:c504e02ff8af5607b7b23bcdceee78f728ab16a9adc053bd774739d520d95ecb
    name: pcre2
    evr: 10.32-3.el8_6
    sourcerpm: pcre2-10.32-3.el8_6.src.rpm
  - url: https://rhsm-pulp.corp.redhat.com/content/public/ubi/dist/ubi8/8/x86_64/baseos/os/Packages/p/pkgconf-1.4.2-1.el8.x86_64.rpm
    repoid: ubi-8-baseos-rpms
    size: 38956
    checksum: sha256:b9d0a4c0e16db4c05b2d0690216d8c5da2db7d67bc765a00ce2a32c5f810c245
    name: pkgconf
    evr: 1.4.2-1.el8
    sourcerpm: pkgconf-1.4.2-1.el8.src.rpm
  - url: https://rhsm-pulp.corp.redhat.com/content/public/ubi/dist/ubi8/8/x86_64/baseos/os/Packages/p/pkgconf-m4-1.4.2-1.el8.noarch.rpm
    repoid: ubi-8-baseos-rpms
    size: 17484
    checksum: sha256:9a89874a5b8326c85c0b34b02c122ffc052b32a12b20354ce95859ac5296a159
    name: pkgconf-m4
    evr: 1.4.2-1.el8
    sourcerpm: pkgconf-1.4.2-1.el8.src.rpm
  - url: https://rhsm-pulp.corp.redhat.com/content/public/ubi/dist/ubi8/8/x86_64/baseos/os/Packages/p/pkgconf-pkg-config-1.4.2-1.el8.x86_64.rpm
    repoid: ubi-8-baseos-rpms
    size: 15628
    checksum: sha256:1c4a8674eafc31d36030f3fd0c081326d4301570d4e35b59d6f6ef1e163f655b
    name: pkgconf-pkg-config
    evr: 1.4.2-1.el8
    sourcerpm: pkgconf-1.4.2-1.el8.src.rpm
  - url: https://rhsm-pulp.corp.redhat.com/content/public/ubi/dist/ubi8/8/x86_64/baseos/os/Packages/r/redhat-release-8.10-0.3.el8.x86_64.rpm
    repoid: ubi-8-baseos-rpms
    size: 46580
    checksum: sha256:e0e166b34568c303eca2ff0b4ba24dc5d945b8415a5c7b1c0e8b72dd2c70434b
    name: redhat-release
    evr: 8.10-0.3.el8
    sourcerpm: redhat-release-8.10-0.3.el8.src.rpm
  - url: https://rhsm-pulp.corp.redhat.com/content/public/ubi/dist/ubi8/8/x86_64/baseos/os/Packages/s/setup-2.12.2-9.el8.noarch.rpm
    repoid: ubi-8-baseos-rpms
    size: 185300
    checksum: sha256:da010e1bf1c658361a7b2a38c86bcfc82470c994b2793f5f80509d73cb468fd6
    name: setup
    evr: 2.12.2-9.el8
    sourcerpm: setup-2.12.2-9.el8.src.rpm
  - url: https://rhsm-pulp.corp.redhat.com/content/public/ubi/dist/ubi8/8/x86_64/baseos/os/Packages/t/tzdata-2025b-1.el8.noarch.rpm
    repoid: ubi-8-baseos-rpms
    size: 488428
    checksum: sha256:338539f7f0cd2770694153af81e2e65121b050a1bb555ad66a6fb6f562732602
    name: tzdata
    evr: 2025b-1.el8
    sourcerpm: tzdata-2025b-1.el8.src.rpm
  - url: https://rhsm-pulp.corp.redhat.com/content/public/ubi/dist/ubi8/8/x86_64/baseos/os/Packages/z/zlib-1.2.11-25.el8.x86_64.rpm
    repoid: ubi-8-baseos-rpms
    size: 105848
    checksum: sha256:7b443e7b008f38c216dd7b36c0d6ce64ececd8b884a91706c7f878140ec5f332
    name: zlib
    evr: 1.2.11-25.el8
    sourcerpm: zlib-1.2.11-25.el8.src.rpm
  - url: https://rhsm-pulp.corp.redhat.com/content/public/ubi/dist/ubi8/8/x86_64/codeready-builder/os/Packages/g/glibc-static-2.28-251.el8_10.25.x86_64.rpm
    repoid: ubi-8-codeready-builder-rpms
    size: 2200708
    checksum: sha256:88b7bff230d880a144e751769d3fb5f4ecfe94c0b07f9b59fc5d92e1e6541cf5
    name: glibc-static
    evr: 2.28-251.el8_10.25
    sourcerpm: glibc-2.28-251.el8_10.25.src.rpm
  - url: https://rhsm-pulp.corp.redhat.com/content/public/ubi/dist/ubi8/8/x86_64/codeready-builder/os/Packages/l/libxcrypt-static-4.1.1-6.el8.x86_64.rpm
    repoid: ubi-8-codeready-builder-rpms
    size: 57596
    checksum: sha256:c1906c85fa30b9a7b8e83c59cc2aee69d1bd39e5ecc7a49cbf77fd98a43b06ff
    name: libxcrypt-static
    evr: 4.1.1-6.el8
    sourcerpm: libxcrypt-4.1.1-6.el8.src.rpm
  source: []
  module_metadata: []
