---
lockfileVersion: 1
lockfileVendor: redhat
arches:
- arch: ppc64le
  packages:
  - url: https://rhsm-pulp.corp.redhat.com/content/dist/rhel8/8/ppc64le/baseos/os/Packages/b/basesystem-11-5.el8.noarch.rpm
    repoid: rhel-8-for-ppc64le-baseos-rpms
    size: 10756
    checksum: sha256:b9584e6823ffe9ccf79282bd57ee076a1e3a71c4c1020a20b5e1975141a50f14
    name: basesystem
    evr: 11-5.el8
    sourcerpm: basesystem-11-5.el8.src.rpm
  - url: https://rhsm-pulp.corp.redhat.com/content/dist/rhel8/8/ppc64le/baseos/os/Packages/b/bash-4.4.20-6.el8_10.ppc64le.rpm
    repoid: rhel-8-for-ppc64le-baseos-rpms
    size: 1666580
    checksum: sha256:31b8bf9caf03529cc9e474d7c2c990ebdc66605de410d30d16d078b0dd0f3cfa
    name: bash
    evr: 4.4.20-6.el8_10
    sourcerpm: bash-4.4.20-6.el8_10.src.rpm
  - url: https://rhsm-pulp.corp.redhat.com/content/dist/rhel8/8/ppc64le/baseos/os/Packages/f/filesystem-3.8-6.el8.ppc64le.rpm
    repoid: rhel-8-for-ppc64le-baseos-rpms
    size: 1135836
    checksum: sha256:2633a4bbf84f4781a11dfd65d33e44d4f01af1e0bb6516aa4a4c70c08c9b71dc
    name: filesystem
    evr: 3.8-6.el8
    sourcerpm: filesystem-3.8-6.el8.src.rpm
  - url: https://rhsm-pulp.corp.redhat.com/content/dist/rhel8/8/ppc64le/baseos/os/Packages/g/glibc-2.28-251.el8_10.38.ppc64le.rpm
    repoid: rhel-8-for-ppc64le-baseos-rpms
    size: 3512824
    checksum: sha256:d97429726ebc61b9720904e84bcf3af99fc2a0a9a8d1446937853323f4efe109
    name: glibc
    evr: 2.28-251.el8_10.38
    sourcerpm: glibc-2.28-251.el8_10.38.src.rpm
  - url: https://rhsm-pulp.corp.redhat.com/content/dist/rhel8/8/ppc64le/baseos/os/Packages/g/glibc-all-langpacks-2.28-251.el8_10.38.ppc64le.rpm
    repoid: rhel-8-for-ppc64le-baseos-rpms
    size: 26767780
    checksum: sha256:888ef6bda5f589954ca5b7577c2fb8ff57bb90c4ba56b8618591fa41fae6f166
    name: glibc-all-langpacks
    evr: 2.28-251.el8_10.38
    sourcerpm: glibc-2.28-251.el8_10.38.src.rpm
  - url: https://rhsm-pulp.corp.redhat.com/content/dist/rhel8/8/ppc64le/baseos/os/Packages/g/glibc-common-2.28-251.el8_10.38.ppc64le.rpm
    repoid: rhel-8-for-ppc64le-baseos-rpms
    size: 1056852
    checksum: sha256:1d91345f375718236d0999a0e4d23194c108721a0f4ecfe251b359584ab3822d
    name: glibc-common
    evr: 2.28-251.el8_10.38
    sourcerpm: glibc-2.28-251.el8_10.38.src.rpm
  - url: https://rhsm-pulp.corp.redhat.com/content/dist/rhel8/8/ppc64le/baseos/os/Packages/g/glibc-devel-2.28-251.el8_10.38.ppc64le.rpm
    repoid: rhel-8-for-ppc64le-baseos-rpms
    size: 110172
    checksum: sha256:10dabcf7d23db85acd7ed691943339c6b552f1f11b40f1d0a53f8854b19c2950
    name: glibc-devel
    evr: 2.28-251.el8_10.38
    sourcerpm: glibc-2.28-251.el8_10.38.src.rpm
  - url: https://rhsm-pulp.corp.redhat.com/content/dist/rhel8/8/ppc64le/baseos/os/Packages/g/glibc-gconv-extra-2.28-251.el8_10.38.ppc64le.rpm
    repoid: rhel-8-for-ppc64le-baseos-rpms
    size: 1865228
    checksum: sha256:964f59253134069cdb2e1e1f92e09f879c095cdeaa9d9129739dce2171546861
    name: glibc-gconv-extra
    evr: 2.28-251.el8_10.38
    sourcerpm: glibc-2.28-251.el8_10.38.src.rpm
  - url: https://rhsm-pulp.corp.redhat.com/content/dist/rhel8/8/ppc64le/baseos/os/Packages/g/glibc-headers-2.28-251.el8_10.38.ppc64le.rpm
    repoid: rhel-8-for-ppc64le-baseos-rpms
    size: 505836
    checksum: sha256:a8f5e3831c05971057580a5bf5f9a4a1f982363e24f008b7305cd535873e7281
    name: glibc-headers
    evr: 2.28-251.el8_10.38
    sourcerpm: glibc-2.28-251.el8_10.38.src.rpm
  - url: https://rhsm-pulp.corp.redhat.com/content/dist/rhel8/8/ppc64le/baseos/os/Packages/i/info-6.5-7.el8.ppc64le.rpm
    repoid: rhel-8-for-ppc64le-baseos-rpms
    size: 220672
    checksum: sha256:1e3b965b17db37287b542a6b6c269b9f727376c5a1c33421f652d4bb811187ab
    name: info
    evr: 6.5-7.el8
    sourcerpm: texinfo-6.5-7.el8.src.rpm
  - url: https://rhsm-pulp.corp.redhat.com/content/dist/rhel8/8/ppc64le/baseos/os/Packages/k/kernel-headers-4.18.0-553.139.1.el8_10.ppc64le.rpm
    repoid: rhel-8-for-ppc64le-baseos-rpms
    size: 12512452
    checksum: sha256:ae4a8ac894c714fb8f21df89875aa12cd274b093b8f16005fedd946659db7cd1
    name: kernel-headers
    evr: 4.18.0-553.139.1.el8_10
    sourcerpm: kernel-4.18.0-553.139.1.el8_10.src.rpm
  - url: https://rhsm-pulp.corp.redhat.com/content/dist/rhel8/8/ppc64le/baseos/os/Packages/l/libgcc-8.5.0-28.el8_10.ppc64le.rpm
    repoid: rhel-8-for-ppc64le-baseos-rpms
    size: 72884
    checksum: sha256:6e424671e1ed9790d62a65edfcf0bde415318d007194f1b9a43a0f8bfb7f9fe1
    name: libgcc
    evr: 8.5.0-28.el8_10
    sourcerpm: gcc-8.5.0-28.el8_10.src.rpm
  - url: https://rhsm-pulp.corp.redhat.com/content/dist/rhel8/8/ppc64le/baseos/os/Packages/l/libpkgconf-1.4.2-1.el8.ppc64le.rpm
    repoid: rhel-8-for-ppc64le-baseos-rpms
    size: 39284
    checksum: sha256:be44b47bbd3f227e25f645728e55022bbe5206afa76a955f6629bc50fe9abc53
    name: libpkgconf
    evr: 1.4.2-1.el8
    sourcerpm: pkgconf-1.4.2-1.el8.src.rpm
  - url: https://rhsm-pulp.corp.redhat.com/content/dist/rhel8/8/ppc64le/baseos/os/Packages/l/libselinux-2.9-11.el8_10.ppc64le.rpm
    repoid: rhel-8-for-ppc64le-baseos-rpms
    size: 181376
    checksum: sha256:cf149e59cd091aeba1b59078ed981d53e29eda9a0a1aae362609b1450aaf2e27
    name: libselinux
    evr: 2.9-11.el8_10
    sourcerpm: libselinux-2.9-11.el8_10.src.rpm
  - url: https://rhsm-pulp.corp.redhat.com/content/dist/rhel8/8/ppc64le/baseos/os/Packages/l/libsepol-2.9-3.el8.ppc64le.rpm
    repoid: rhel-8-for-ppc64le-baseos-rpms
    size: 377308
    checksum: sha256:32d5f9ecb2f91bb0f170439de53978113cd52031c4ef3956f11a6c913af9cb2a
    name: libsepol
    evr: 2.9-3.el8
    sourcerpm: libsepol-2.9-3.el8.src.rpm
  - url: https://rhsm-pulp.corp.redhat.com/content/dist/rhel8/8/ppc64le/baseos/os/Packages/l/libxcrypt-4.1.1-6.el8.ppc64le.rpm
    repoid: rhel-8-for-ppc64le-baseos-rpms
    size: 78872
    checksum: sha256:4ea0dde6e89eeaf64addadffec27cbac377939755ca085e0a74571058d58352f
    name: libxcrypt
    evr: 4.1.1-6.el8
    sourcerpm: libxcrypt-4.1.1-6.el8.src.rpm
  - url: https://rhsm-pulp.corp.redhat.com/content/dist/rhel8/8/ppc64le/baseos/os/Packages/l/libxcrypt-devel-4.1.1-6.el8.ppc64le.rpm
    repoid: rhel-8-for-ppc64le-baseos-rpms
    size: 25824
    checksum: sha256:cbb6c0c75696efd8362f0dee4ecc5898642863accf1b1590216d60613d169b3c
    name: libxcrypt-devel
    evr: 4.1.1-6.el8
    sourcerpm: libxcrypt-4.1.1-6.el8.src.rpm
  - url: https://rhsm-pulp.corp.redhat.com/content/dist/rhel8/8/ppc64le/baseos/os/Packages/n/ncurses-base-6.1-10.20180224.el8.noarch.rpm
    repoid: rhel-8-for-ppc64le-baseos-rpms
    size: 83276
    checksum: sha256:207f5578dd44a73761178f8b01030151e44d3d046c1578446d558c5a0a2bf34a
    name: ncurses-base
    evr: 6.1-10.20180224.el8
    sourcerpm: ncurses-6.1-10.20180224.el8.src.rpm
  - url: https://rhsm-pulp.corp.redhat.com/content/dist/rhel8/8/ppc64le/baseos/os/Packages/n/ncurses-libs-6.1-10.20180224.el8.ppc64le.rpm
    repoid: rhel-8-for-ppc64le-baseos-rpms
    size: 369876
    checksum: sha256:753dab39ba2d7dab995b99e04206deed46ca24e47eea43ccd82af1b6ceda28d3
    name: ncurses-libs
    evr: 6.1-10.20180224.el8
    sourcerpm: ncurses-6.1-10.20180224.el8.src.rpm
  - url: https://rhsm-pulp.corp.redhat.com/content/dist/rhel8/8/ppc64le/baseos/os/Packages/p/pcre2-10.32-3.el8_6.ppc64le.rpm
    repoid: rhel-8-for-ppc64le-baseos-rpms
    size: 243688
    checksum: sha256:21030b61a5ceeb9d8cb1aaf24dd592be14c6ee92c7eb52923d8a686e2795ea61
    name: pcre2
    evr: 10.32-3.el8_6
    sourcerpm: pcre2-10.32-3.el8_6.src.rpm
  - url: https://rhsm-pulp.corp.redhat.com/content/dist/rhel8/8/ppc64le/baseos/os/Packages/p/pkgconf-1.4.2-1.el8.ppc64le.rpm
    repoid: rhel-8-for-ppc64le-baseos-rpms
    size: 39616
    checksum: sha256:5247ecf6db41cf55db819e36b36be26806bac55d542183e8375177f582420035
    name: pkgconf
    evr: 1.4.2-1.el8
    sourcerpm: pkgconf-1.4.2-1.el8.src.rpm
  - url: https://rhsm-pulp.corp.redhat.com/content/dist/rhel8/8/ppc64le/baseos/os/Packages/p/pkgconf-m4-1.4.2-1.el8.noarch.rpm
    repoid: rhel-8-for-ppc64le-baseos-rpms
    size: 17484
    checksum: sha256:9a89874a5b8326c85c0b34b02c122ffc052b32a12b20354ce95859ac5296a159
    name: pkgconf-m4
    evr: 1.4.2-1.el8
    sourcerpm: pkgconf-1.4.2-1.el8.src.rpm
  - url: https://rhsm-pulp.corp.redhat.com/content/dist/rhel8/8/ppc64le/baseos/os/Packages/p/pkgconf-pkg-config-1.4.2-1.el8.ppc64le.rpm
    repoid: rhel-8-for-ppc64le-baseos-rpms
    size: 15616
    checksum: sha256:0a5344c56c015390b8e0e638246f3ccfef654bf185735b8f8238ef804f9912eb
    name: pkgconf-pkg-config
    evr: 1.4.2-1.el8
    sourcerpm: pkgconf-1.4.2-1.el8.src.rpm
  - url: https://rhsm-pulp.corp.redhat.com/content/dist/rhel8/8/ppc64le/baseos/os/Packages/r/redhat-release-8.10-0.3.el8.ppc64le.rpm
    repoid: rhel-8-for-ppc64le-baseos-rpms
    size: 46592
    checksum: sha256:5597e2a5503d465b15f1328e1cd4bd9276372c2f389179a7f3fb2e76b47cbffa
    name: redhat-release
    evr: 8.10-0.3.el8
    sourcerpm: redhat-release-8.10-0.3.el8.src.rpm
  - url: https://rhsm-pulp.corp.redhat.com/content/dist/rhel8/8/ppc64le/baseos/os/Packages/r/redhat-release-eula-8.10-0.3.el8.ppc64le.rpm
    repoid: rhel-8-for-ppc64le-baseos-rpms
    size: 21300
    checksum: sha256:6be50f39102aebea9729db40fc9dc85b399a9946eca3ecab895df903b2ed115e
    name: redhat-release-eula
    evr: 8.10-0.3.el8
    sourcerpm: redhat-release-8.10-0.3.el8.src.rpm
  - url: https://rhsm-pulp.corp.redhat.com/content/dist/rhel8/8/ppc64le/baseos/os/Packages/s/setup-2.12.2-9.el8.noarch.rpm
    repoid: rhel-8-for-ppc64le-baseos-rpms
    size: 185300
    checksum: sha256:da010e1bf1c658361a7b2a38c86bcfc82470c994b2793f5f80509d73cb468fd6
    name: setup
    evr: 2.12.2-9.el8
    sourcerpm: setup-2.12.2-9.el8.src.rpm
  - url: https://rhsm-pulp.corp.redhat.com/content/dist/rhel8/8/ppc64le/baseos/os/Packages/t/tzdata-2026b-1.el8.noarch.rpm
    repoid: rhel-8-for-ppc64le-baseos-rpms
    size: 562980
    checksum: sha256:1fcff97620f44dd9750407def200e16d073285a2576a6581932822318d4788e9
    name: tzdata
    evr: 2026b-1.el8
    sourcerpm: tzdata-2026b-1.el8.src.rpm
  - url: https://rhsm-pulp.corp.redhat.com/content/dist/rhel8/8/ppc64le/baseos/os/Packages/z/zlib-1.2.11-25.el8.ppc64le.rpm
    repoid: rhel-8-for-ppc64le-baseos-rpms
    size: 115624
    checksum: sha256:f0dc7707a13407191e48bd5afbc7e72d33ef3c3c4af0e0fcba079041e1804f4b
    name: zlib
    evr: 1.2.11-25.el8
    sourcerpm: zlib-1.2.11-25.el8.src.rpm
  - url: https://rhsm-pulp.corp.redhat.com/content/dist/rhel8/8/ppc64le/codeready-builder/os/Packages/g/glibc-static-2.28-251.el8_10.38.ppc64le.rpm
    repoid: codeready-builder-for-rhel-8-ppc64le-rpms
    size: 2033196
    checksum: sha256:41b60cb9bd8eb234546c30bf4a2cd1ad79ceefda5b1d8c6db21a987f32c63894
    name: glibc-static
    evr: 2.28-251.el8_10.38
    sourcerpm: glibc-2.28-251.el8_10.38.src.rpm
  - url: https://rhsm-pulp.corp.redhat.com/content/dist/rhel8/8/ppc64le/codeready-builder/os/Packages/l/libxcrypt-static-4.1.1-6.el8.ppc64le.rpm
    repoid: codeready-builder-for-rhel-8-ppc64le-rpms
    size: 62092
    checksum: sha256:82fa95a327858f55a9ec44f242e6e75c89d4bacfb8cec473dd46dcb9a6255410
    name: libxcrypt-static
    evr: 4.1.1-6.el8
    sourcerpm: libxcrypt-4.1.1-6.el8.src.rpm
  source:
  - url: https://rhsm-pulp.corp.redhat.com/content/dist/rhel8/8/ppc64le/baseos/source/SRPMS/Packages/b/basesystem-11-5.el8.src.rpm
    repoid: rhel-8-for-ppc64le-baseos-source-rpms
    size: 11934
    checksum: sha256:95fb2c11bd59c51fcb0c0239e3e2c307d7d8d40c24b2960792bbc8af8c14f95c
    name: basesystem
    evr: 11-5.el8
  - url: https://rhsm-pulp.corp.redhat.com/content/dist/rhel8/8/ppc64le/baseos/source/SRPMS/Packages/b/bash-4.4.20-6.el8_10.src.rpm
    repoid: rhel-8-for-ppc64le-baseos-source-rpms
    size: 9479153
    checksum: sha256:f0e4182affffe350e5dbd55e410baed663d514cd6832108b83899ac8d1524830
    name: bash
    evr: 4.4.20-6.el8_10
  - url: https://rhsm-pulp.corp.redhat.com/content/dist/rhel8/8/ppc64le/baseos/source/SRPMS/Packages/f/filesystem-3.8-6.el8.src.rpm
    repoid: rhel-8-for-ppc64le-baseos-source-rpms
    size: 37286
    checksum: sha256:113b7c5e28cc1d44e21c564c17d8c592a3f8a20b4c268cdaad6a407dee4d1540
    name: filesystem
    evr: 3.8-6.el8
  - url: https://rhsm-pulp.corp.redhat.com/content/dist/rhel8/8/ppc64le/baseos/source/SRPMS/Packages/g/gcc-8.5.0-28.el8_10.src.rpm
    repoid: rhel-8-for-ppc64le-baseos-source-rpms
    size: 65716029
    checksum: sha256:1e81087ab2f1f3435e106d747529d2a178e33a285722662fa89c56a37f471489
    name: gcc
    evr: 8.5.0-28.el8_10
  - url: https://rhsm-pulp.corp.redhat.com/content/dist/rhel8/8/ppc64le/baseos/source/SRPMS/Packages/g/glibc-2.28-251.el8_10.38.src.rpm
    repoid: rhel-8-for-ppc64le-baseos-source-rpms
    size: 18594776
    checksum: sha256:757bbd4e794bff0e336e2e73fd0bffb74b2ff3fcd1c8f9d08397087a455110a1
    name: glibc
    evr: 2.28-251.el8_10.38
  - url: https://rhsm-pulp.corp.redhat.com/content/dist/rhel8/8/ppc64le/baseos/source/SRPMS/Packages/k/kernel-4.18.0-553.139.1.el8_10.src.rpm
    repoid: rhel-8-for-ppc64le-baseos-source-rpms
    size: 138831867
    checksum: sha256:f1fcb6e4bf72265f8071b6aacf4ee3347a8644a6f7d9ed7f685247c003c427f7
    name: kernel
    evr: 4.18.0-553.139.1.el8_10
  - url: https://rhsm-pulp.corp.redhat.com/content/dist/rhel8/8/ppc64le/baseos/source/SRPMS/Packages/l/libselinux-2.9-11.el8_10.src.rpm
    repoid: rhel-8-for-ppc64le-baseos-source-rpms
    size: 355013
    checksum: sha256:47297c6a5ffa7556e1a19ac8f65b593f0cbb403cc743fde89e3c9a0424b1b0fc
    name: libselinux
    evr: 2.9-11.el8_10
  - url: https://rhsm-pulp.corp.redhat.com/content/dist/rhel8/8/ppc64le/baseos/source/SRPMS/Packages/l/libsepol-2.9-3.el8.src.rpm
    repoid: rhel-8-for-ppc64le-baseos-source-rpms
    size: 562616
    checksum: sha256:98d64b940c64159d3e3a18e1b25cd7b9018563db56c9ecdc7d4f4481e4dde0dc
    name: libsepol
    evr: 2.9-3.el8
  - url: https://rhsm-pulp.corp.redhat.com/content/dist/rhel8/8/ppc64le/baseos/source/SRPMS/Packages/l/libxcrypt-4.1.1-6.el8.src.rpm
    repoid: rhel-8-for-ppc64le-baseos-source-rpms
    size: 229519
    checksum: sha256:d9803b5dd6cdbb4fd977258092cb50c48c8e28f3e3b4a0d6056c093983e17b29
    name: libxcrypt
    evr: 4.1.1-6.el8
  - url: https://rhsm-pulp.corp.redhat.com/content/dist/rhel8/8/ppc64le/baseos/source/SRPMS/Packages/n/ncurses-6.1-10.20180224.el8.src.rpm
    repoid: rhel-8-for-ppc64le-baseos-source-rpms
    size: 3422193
    checksum: sha256:6fcd8a8bc7eca36c65368df740a5760961740d0c34342cdb0eb23b54799948a4
    name: ncurses
    evr: 6.1-10.20180224.el8
  - url: https://rhsm-pulp.corp.redhat.com/content/dist/rhel8/8/ppc64le/baseos/source/SRPMS/Packages/p/pcre2-10.32-3.el8_6.src.rpm
    repoid: rhel-8-for-ppc64le-baseos-source-rpms
    size: 1671843
    checksum: sha256:bd60f4e4bf7bbadef2ff329112b5267da38a271af3c88fe53c57499c402c6670
    name: pcre2
    evr: 10.32-3.el8_6
  - url: https://rhsm-pulp.corp.redhat.com/content/dist/rhel8/8/ppc64le/baseos/source/SRPMS/Packages/p/pkgconf-1.4.2-1.el8.src.rpm
    repoid: rhel-8-for-ppc64le-baseos-source-rpms
    size: 300577
    checksum: sha256:2bbbbb503f27488cc66f935cd31a14f1eb01cd9e5fb9d52260bacdea663abb1a
    name: pkgconf
    evr: 1.4.2-1.el8
  - url: https://rhsm-pulp.corp.redhat.com/content/dist/rhel8/8/ppc64le/baseos/source/SRPMS/Packages/r/redhat-release-8.10-0.3.el8.src.rpm
    repoid: rhel-8-for-ppc64le-baseos-source-rpms
    size: 58701
    checksum: sha256:9b36cf3d7c42a8663017a44e4ae42cfcea0837dc416746f26238b1284a291230
    name: redhat-release
    evr: 8.10-0.3.el8
  - url: https://rhsm-pulp.corp.redhat.com/content/dist/rhel8/8/ppc64le/baseos/source/SRPMS/Packages/s/setup-2.12.2-9.el8.src.rpm
    repoid: rhel-8-for-ppc64le-baseos-source-rpms
    size: 220230
    checksum: sha256:72f87a1c0c92c9486bdb3748db880281fcc1f947bbedb99edbcebf189e4a5c40
    name: setup
    evr: 2.12.2-9.el8
  - url: https://rhsm-pulp.corp.redhat.com/content/dist/rhel8/8/ppc64le/baseos/source/SRPMS/Packages/t/texinfo-6.5-7.el8.src.rpm
    repoid: rhel-8-for-ppc64le-baseos-source-rpms
    size: 4544531
    checksum: sha256:94881acbdc6de2e2e22c7fac12ca732da89b2b6d245ca9f8a5810387090ccb76
    name: texinfo
    evr: 6.5-7.el8
  - url: https://rhsm-pulp.corp.redhat.com/content/dist/rhel8/8/ppc64le/baseos/source/SRPMS/Packages/t/tzdata-2026b-1.el8.src.rpm
    repoid: rhel-8-for-ppc64le-baseos-source-rpms
    size: 969579
    checksum: sha256:9d7fbb84c12ca6d43a4f8f6292d24b73e97231218272f43566468642e7f719af
    name: tzdata
    evr: 2026b-1.el8
  - url: https://rhsm-pulp.corp.redhat.com/content/dist/rhel8/8/ppc64le/baseos/source/SRPMS/Packages/z/zlib-1.2.11-25.el8.src.rpm
    repoid: rhel-8-for-ppc64le-baseos-source-rpms
    size: 565905
    checksum: sha256:d632ef6e133e08c97258fdee1642a3c24106aa03f80e3c190a9d24be8669da7f
    name: zlib
    evr: 1.2.11-25.el8
  module_metadata: []
- arch: s390x
  packages:
  - url: https://rhsm-pulp.corp.redhat.com/content/dist/rhel8/8/s390x/baseos/os/Packages/b/basesystem-11-5.el8.noarch.rpm
    repoid: rhel-8-for-s390x-baseos-rpms
    size: 10756
    checksum: sha256:b9584e6823ffe9ccf79282bd57ee076a1e3a71c4c1020a20b5e1975141a50f14
    name: basesystem
    evr: 11-5.el8
    sourcerpm: basesystem-11-5.el8.src.rpm
  - url: https://rhsm-pulp.corp.redhat.com/content/dist/rhel8/8/s390x/baseos/os/Packages/b/bash-4.4.20-6.el8_10.s390x.rpm
    repoid: rhel-8-for-s390x-baseos-rpms
    size: 1612572
    checksum: sha256:f19a954ce8eeea4b4cc2cc46f448e6d3d31614cb3f464a47d24d224ee4ebd21d
    name: bash
    evr: 4.4.20-6.el8_10
    sourcerpm: bash-4.4.20-6.el8_10.src.rpm
  - url: https://rhsm-pulp.corp.redhat.com/content/dist/rhel8/8/s390x/baseos/os/Packages/f/filesystem-3.8-6.el8.s390x.rpm
    repoid: rhel-8-for-s390x-baseos-rpms
    size: 1135720
    checksum: sha256:b1cfef82ae820c49d8d1c80b6cb62185520e2562982ac731ca054397470ccce1
    name: filesystem
    evr: 3.8-6.el8
    sourcerpm: filesystem-3.8-6.el8.src.rpm
  - url: https://rhsm-pulp.corp.redhat.com/content/dist/rhel8/8/s390x/baseos/os/Packages/g/glibc-2.28-251.el8_10.38.s390x.rpm
    repoid: rhel-8-for-s390x-baseos-rpms
    size: 1877888
    checksum: sha256:1430b1763680dace40b727514d5920b4ab2c171d53d80618383f54cbefc7fa41
    name: glibc
    evr: 2.28-251.el8_10.38
    sourcerpm: glibc-2.28-251.el8_10.38.src.rpm
  - url: https://rhsm-pulp.corp.redhat.com/content/dist/rhel8/8/s390x/baseos/os/Packages/g/glibc-all-langpacks-2.28-251.el8_10.38.s390x.rpm
    repoid: rhel-8-for-s390x-baseos-rpms
    size: 25901208
    checksum: sha256:6e34e42fc55cc109f0ad9fd3ac7ddee2280cb73c47d95a851625e5e42848821d
    name: glibc-all-langpacks
    evr: 2.28-251.el8_10.38
    sourcerpm: glibc-2.28-251.el8_10.38.src.rpm
  - url: https://rhsm-pulp.corp.redhat.com/content/dist/rhel8/8/s390x/baseos/os/Packages/g/glibc-common-2.28-251.el8_10.38.s390x.rpm
    repoid: rhel-8-for-s390x-baseos-rpms
    size: 1222316
    checksum: sha256:7c4b10ea1ad14029c1fa4cac791608a04957efe02fa52f0e68ec791b7ed24b6b
    name: glibc-common
    evr: 2.28-251.el8_10.38
    sourcerpm: glibc-2.28-251.el8_10.38.src.rpm
  - url: https://rhsm-pulp.corp.redhat.com/content/dist/rhel8/8/s390x/baseos/os/Packages/g/glibc-devel-2.28-251.el8_10.38.s390x.rpm
    repoid: rhel-8-for-s390x-baseos-rpms
    size: 110260
    checksum: sha256:c8abc8023a86c7d10c2e31165ff0fff0ccf0ddc72cae4bb30fe2229b9e7bb0af
    name: glibc-devel
    evr: 2.28-251.el8_10.38
    sourcerpm: glibc-2.28-251.el8_10.38.src.rpm
  - url: https://rhsm-pulp.corp.redhat.com/content/dist/rhel8/8/s390x/baseos/os/Packages/g/glibc-gconv-extra-2.28-251.el8_10.38.s390x.rpm
    repoid: rhel-8-for-s390x-baseos-rpms
    size: 1585616
    checksum: sha256:1b4c6d25498ccc46c9b68424277e9c0002fd7f9e4618e105d02e0c7e01bd3961
    name: glibc-gconv-extra
    evr: 2.28-251.el8_10.38
    sourcerpm: glibc-2.28-251.el8_10.38.src.rpm
  - url: https://rhsm-pulp.corp.redhat.com/content/dist/rhel8/8/s390x/baseos/os/Packages/g/glibc-headers-2.28-251.el8_10.38.s390x.rpm
    repoid: rhel-8-for-s390x-baseos-rpms
    size: 499480
    checksum: sha256:5e93a1832ba8f72baa808dedae4ec19a86e8145046b86c1d99ccc4010a352d22
    name: glibc-headers
    evr: 2.28-251.el8_10.38
    sourcerpm: glibc-2.28-251.el8_10.38.src.rpm
  - url: https://rhsm-pulp.corp.redhat.com/content/dist/rhel8/8/s390x/baseos/os/Packages/i/info-6.5-7.el8.s390x.rpm
    repoid: rhel-8-for-s390x-baseos-rpms
    size: 199680
    checksum: sha256:766779651139edb1b2a7f7c97d56dcec173dec0acb971471e11cb3a3aab74edf
    name: info
    evr: 6.5-7.el8
    sourcerpm: texinfo-6.5-7.el8.src.rpm
  - url: https://rhsm-pulp.corp.redhat.com/content/dist/rhel8/8/s390x/baseos/os/Packages/k/kernel-headers-4.18.0-553.139.1.el8_10.s390x.rpm
    repoid: rhel-8-for-s390x-baseos-rpms
    size: 12519620
    checksum: sha256:eef7c201368091f54c7baaad1c93ea33c007aa41c9de9195c2a41dc3aa1fab5b
    name: kernel-headers
    evr: 4.18.0-553.139.1.el8_10
    sourcerpm: kernel-4.18.0-553.139.1.el8_10.src.rpm
  - url: https://rhsm-pulp.corp.redhat.com/content/dist/rhel8/8/s390x/baseos/os/Packages/l/libgcc-8.5.0-28.el8_10.s390x.rpm
    repoid: rhel-8-for-s390x-baseos-rpms
    size: 68068
    checksum: sha256:cdde9e600223c1fdbfc3a180be5587efd627cc8704c3be29899677cec4d443c9
    name: libgcc
    evr: 8.5.0-28.el8_10
    sourcerpm: gcc-8.5.0-28.el8_10.src.rpm
  - url: https://rhsm-pulp.corp.redhat.com/content/dist/rhel8/8/s390x/baseos/os/Packages/l/libpkgconf-1.4.2-1.el8.s390x.rpm
    repoid: rhel-8-for-s390x-baseos-rpms
    size: 34460
    checksum: sha256:baf0849b9de4c229b6e25d0c1f834bc6df96d49053c67d7eef95f38fb71ebf52
    name: libpkgconf
    evr: 1.4.2-1.el8
    sourcerpm: pkgconf-1.4.2-1.el8.src.rpm
  - url: https://rhsm-pulp.corp.redhat.com/content/dist/rhel8/8/s390x/baseos/os/Packages/l/libselinux-2.9-11.el8_10.s390x.rpm
    repoid: rhel-8-for-s390x-baseos-rpms
    size: 166832
    checksum: sha256:8a0c1dfb3ee0982f3697eaa4d38b9a3e0196a89e530df428e1951db1aa7f7061
    name: libselinux
    evr: 2.9-11.el8_10
    sourcerpm: libselinux-2.9-11.el8_10.src.rpm
  - url: https://rhsm-pulp.corp.redhat.com/content/dist/rhel8/8/s390x/baseos/os/Packages/l/libsepol-2.9-3.el8.s390x.rpm
    repoid: rhel-8-for-s390x-baseos-rpms
    size: 323812
    checksum: sha256:d58e35dac7a97239cb216b48d6b7e5d9d509e5152a9e88f94b14a33b10efb7cf
    name: libsepol
    evr: 2.9-3.el8
    sourcerpm: libsepol-2.9-3.el8.src.rpm
  - url: https://rhsm-pulp.corp.redhat.com/content/dist/rhel8/8/s390x/baseos/os/Packages/l/libxcrypt-4.1.1-6.el8.s390x.rpm
    repoid: rhel-8-for-s390x-baseos-rpms
    size: 73536
    checksum: sha256:e3764f6655e5d32df99bd7d3f88ac99d5210dc5b3246ca65ec7dce92bb2f54ee
    name: libxcrypt
    evr: 4.1.1-6.el8
    sourcerpm: libxcrypt-4.1.1-6.el8.src.rpm
  - url: https://rhsm-pulp.corp.redhat.com/content/dist/rhel8/8/s390x/baseos/os/Packages/l/libxcrypt-devel-4.1.1-6.el8.s390x.rpm
    repoid: rhel-8-for-s390x-baseos-rpms
    size: 25840
    checksum: sha256:29563c1e9a791c2399fdfc87f7e672c411bfbe5165a7bc73183a2c987ef19471
    name: libxcrypt-devel
    evr: 4.1.1-6.el8
    sourcerpm: libxcrypt-4.1.1-6.el8.src.rpm
  - url: https://rhsm-pulp.corp.redhat.com/content/dist/rhel8/8/s390x/baseos/os/Packages/n/ncurses-base-6.1-10.20180224.el8.noarch.rpm
    repoid: rhel-8-for-s390x-baseos-rpms
    size: 83276
    checksum: sha256:207f5578dd44a73761178f8b01030151e44d3d046c1578446d558c5a0a2bf34a
    name: ncurses-base
    evr: 6.1-10.20180224.el8
    sourcerpm: ncurses-6.1-10.20180224.el8.src.rpm
  - url: https://rhsm-pulp.corp.redhat.com/content/dist/rhel8/8/s390x/baseos/os/Packages/n/ncurses-libs-6.1-10.20180224.el8.s390x.rpm
    repoid: rhel-8-for-s390x-baseos-rpms
    size: 325648
    checksum: sha256:347c110ccb601cbd2f0c066b72bf1b13d662a9ae1c8ac05d2e569b3f968c2085
    name: ncurses-libs
    evr: 6.1-10.20180224.el8
    sourcerpm: ncurses-6.1-10.20180224.el8.src.rpm
  - url: https://rhsm-pulp.corp.redhat.com/content/dist/rhel8/8/s390x/baseos/os/Packages/p/pcre2-10.32-3.el8_6.s390x.rpm
    repoid: rhel-8-for-s390x-baseos-rpms
    size: 165272
    checksum: sha256:c9dc884be87f6642e0e9e79b7c64ce34e5424635c3a3a51995e34917e76dc15e
    name: pcre2
    evr: 10.32-3.el8_6
    sourcerpm: pcre2-10.32-3.el8_6.src.rpm
  - url: https://rhsm-pulp.corp.redhat.com/content/dist/rhel8/8/s390x/baseos/os/Packages/p/pkgconf-1.4.2-1.el8.s390x.rpm
    repoid: rhel-8-for-s390x-baseos-rpms
    size: 38456
    checksum: sha256:dfc66ad26e3a0462454c38d08c96f40d7a9bd5b4a54befc84d9b160411389d7a
    name: pkgconf
    evr: 1.4.2-1.el8
    sourcerpm: pkgconf-1.4.2-1.el8.src.rpm
  - url: https://rhsm-pulp.corp.redhat.com/content/dist/rhel8/8/s390x/baseos/os/Packages/p/pkgconf-m4-1.4.2-1.el8.noarch.rpm
    repoid: rhel-8-for-s390x-baseos-rpms
    size: 17484
    checksum: sha256:9a89874a5b8326c85c0b34b02c122ffc052b32a12b20354ce95859ac5296a159
    name: pkgconf-m4
    evr: 1.4.2-1.el8
    sourcerpm: pkgconf-1.4.2-1.el8.src.rpm
  - url: https://rhsm-pulp.corp.redhat.com/content/dist/rhel8/8/s390x/baseos/os/Packages/p/pkgconf-pkg-config-1.4.2-1.el8.s390x.rpm
    repoid: rhel-8-for-s390x-baseos-rpms
    size: 15640
    checksum: sha256:b6085bdc7a6ac3df0bb71a11b789ff5ce8475ba0dadd5bceae97ec98d1aec5c8
    name: pkgconf-pkg-config
    evr: 1.4.2-1.el8
    sourcerpm: pkgconf-1.4.2-1.el8.src.rpm
  - url: https://rhsm-pulp.corp.redhat.com/content/dist/rhel8/8/s390x/baseos/os/Packages/r/redhat-release-8.10-0.3.el8.s390x.rpm
    repoid: rhel-8-for-s390x-baseos-rpms
    size: 46564
    checksum: sha256:a60c0c08e96063ae13833702dc040637f1390d08e3f5d8f19ba24f299b28135c
    name: redhat-release
    evr: 8.10-0.3.el8
    sourcerpm: redhat-release-8.10-0.3.el8.src.rpm
  - url: https://rhsm-pulp.corp.redhat.com/content/dist/rhel8/8/s390x/baseos/os/Packages/r/redhat-release-eula-8.10-0.3.el8.s390x.rpm
    repoid: rhel-8-for-s390x-baseos-rpms
    size: 21304
    checksum: sha256:a038885136b531e6d86bb525166cf0fba1ee5654607e29fd51beedb5d66e9d71
    name: redhat-release-eula
    evr: 8.10-0.3.el8
    sourcerpm: redhat-release-8.10-0.3.el8.src.rpm
  - url: https://rhsm-pulp.corp.redhat.com/content/dist/rhel8/8/s390x/baseos/os/Packages/s/setup-2.12.2-9.el8.noarch.rpm
    repoid: rhel-8-for-s390x-baseos-rpms
    size: 185300
    checksum: sha256:da010e1bf1c658361a7b2a38c86bcfc82470c994b2793f5f80509d73cb468fd6
    name: setup
    evr: 2.12.2-9.el8
    sourcerpm: setup-2.12.2-9.el8.src.rpm
  - url: https://rhsm-pulp.corp.redhat.com/content/dist/rhel8/8/s390x/baseos/os/Packages/t/tzdata-2026b-1.el8.noarch.rpm
    repoid: rhel-8-for-s390x-baseos-rpms
    size: 562980
    checksum: sha256:1fcff97620f44dd9750407def200e16d073285a2576a6581932822318d4788e9
    name: tzdata
    evr: 2026b-1.el8
    sourcerpm: tzdata-2026b-1.el8.src.rpm
  - url: https://rhsm-pulp.corp.redhat.com/content/dist/rhel8/8/s390x/baseos/os/Packages/z/zlib-1.2.11-25.el8.s390x.rpm
    repoid: rhel-8-for-s390x-baseos-rpms
    size: 110060
    checksum: sha256:7fac5a60d865e4a0e0207a201adbe5089d663bc283b164ed83e6c1b64a152483
    name: zlib
    evr: 1.2.11-25.el8
    sourcerpm: zlib-1.2.11-25.el8.src.rpm
  - url: https://rhsm-pulp.corp.redhat.com/content/dist/rhel8/8/s390x/codeready-builder/os/Packages/g/glibc-static-2.28-251.el8_10.38.s390x.rpm
    repoid: codeready-builder-for-rhel-8-s390x-rpms
    size: 1631432
    checksum: sha256:55e6a6e07b1ce5d67791d1b3668e50d9e248c674f207289a721256bb3ace9444
    name: glibc-static
    evr: 2.28-251.el8_10.38
    sourcerpm: glibc-2.28-251.el8_10.38.src.rpm
  - url: https://rhsm-pulp.corp.redhat.com/content/dist/rhel8/8/s390x/codeready-builder/os/Packages/l/libxcrypt-static-4.1.1-6.el8.s390x.rpm
    repoid: codeready-builder-for-rhel-8-s390x-rpms
    size: 56728
    checksum: sha256:fa812bfc90dfc385dfcbe9ce85fe945ab3029d62f53148d7092ad7c09ece7071
    name: libxcrypt-static
    evr: 4.1.1-6.el8
    sourcerpm: libxcrypt-4.1.1-6.el8.src.rpm
  source:
  - url: https://rhsm-pulp.corp.redhat.com/content/dist/rhel8/8/s390x/baseos/source/SRPMS/Packages/b/basesystem-11-5.el8.src.rpm
    repoid: rhel-8-for-s390x-baseos-source-rpms
    size: 11934
    checksum: sha256:95fb2c11bd59c51fcb0c0239e3e2c307d7d8d40c24b2960792bbc8af8c14f95c
    name: basesystem
    evr: 11-5.el8
  - url: https://rhsm-pulp.corp.redhat.com/content/dist/rhel8/8/s390x/baseos/source/SRPMS/Packages/b/bash-4.4.20-6.el8_10.src.rpm
    repoid: rhel-8-for-s390x-baseos-source-rpms
    size: 9479153
    checksum: sha256:f0e4182affffe350e5dbd55e410baed663d514cd6832108b83899ac8d1524830
    name: bash
    evr: 4.4.20-6.el8_10
  - url: https://rhsm-pulp.corp.redhat.com/content/dist/rhel8/8/s390x/baseos/source/SRPMS/Packages/f/filesystem-3.8-6.el8.src.rpm
    repoid: rhel-8-for-s390x-baseos-source-rpms
    size: 37286
    checksum: sha256:113b7c5e28cc1d44e21c564c17d8c592a3f8a20b4c268cdaad6a407dee4d1540
    name: filesystem
    evr: 3.8-6.el8
  - url: https://rhsm-pulp.corp.redhat.com/content/dist/rhel8/8/s390x/baseos/source/SRPMS/Packages/g/gcc-8.5.0-28.el8_10.src.rpm
    repoid: rhel-8-for-s390x-baseos-source-rpms
    size: 65716029
    checksum: sha256:1e81087ab2f1f3435e106d747529d2a178e33a285722662fa89c56a37f471489
    name: gcc
    evr: 8.5.0-28.el8_10
  - url: https://rhsm-pulp.corp.redhat.com/content/dist/rhel8/8/s390x/baseos/source/SRPMS/Packages/g/glibc-2.28-251.el8_10.38.src.rpm
    repoid: rhel-8-for-s390x-baseos-source-rpms
    size: 18594776
    checksum: sha256:757bbd4e794bff0e336e2e73fd0bffb74b2ff3fcd1c8f9d08397087a455110a1
    name: glibc
    evr: 2.28-251.el8_10.38
  - url: https://rhsm-pulp.corp.redhat.com/content/dist/rhel8/8/s390x/baseos/source/SRPMS/Packages/k/kernel-4.18.0-553.139.1.el8_10.src.rpm
    repoid: rhel-8-for-s390x-baseos-source-rpms
    size: 138831867
    checksum: sha256:f1fcb6e4bf72265f8071b6aacf4ee3347a8644a6f7d9ed7f685247c003c427f7
    name: kernel
    evr: 4.18.0-553.139.1.el8_10
  - url: https://rhsm-pulp.corp.redhat.com/content/dist/rhel8/8/s390x/baseos/source/SRPMS/Packages/l/libselinux-2.9-11.el8_10.src.rpm
    repoid: rhel-8-for-s390x-baseos-source-rpms
    size: 355013
    checksum: sha256:47297c6a5ffa7556e1a19ac8f65b593f0cbb403cc743fde89e3c9a0424b1b0fc
    name: libselinux
    evr: 2.9-11.el8_10
  - url: https://rhsm-pulp.corp.redhat.com/content/dist/rhel8/8/s390x/baseos/source/SRPMS/Packages/l/libsepol-2.9-3.el8.src.rpm
    repoid: rhel-8-for-s390x-baseos-source-rpms
    size: 562616
    checksum: sha256:98d64b940c64159d3e3a18e1b25cd7b9018563db56c9ecdc7d4f4481e4dde0dc
    name: libsepol
    evr: 2.9-3.el8
  - url: https://rhsm-pulp.corp.redhat.com/content/dist/rhel8/8/s390x/baseos/source/SRPMS/Packages/l/libxcrypt-4.1.1-6.el8.src.rpm
    repoid: rhel-8-for-s390x-baseos-source-rpms
    size: 229519
    checksum: sha256:d9803b5dd6cdbb4fd977258092cb50c48c8e28f3e3b4a0d6056c093983e17b29
    name: libxcrypt
    evr: 4.1.1-6.el8
  - url: https://rhsm-pulp.corp.redhat.com/content/dist/rhel8/8/s390x/baseos/source/SRPMS/Packages/n/ncurses-6.1-10.20180224.el8.src.rpm
    repoid: rhel-8-for-s390x-baseos-source-rpms
    size: 3422193
    checksum: sha256:6fcd8a8bc7eca36c65368df740a5760961740d0c34342cdb0eb23b54799948a4
    name: ncurses
    evr: 6.1-10.20180224.el8
  - url: https://rhsm-pulp.corp.redhat.com/content/dist/rhel8/8/s390x/baseos/source/SRPMS/Packages/p/pcre2-10.32-3.el8_6.src.rpm
    repoid: rhel-8-for-s390x-baseos-source-rpms
    size: 1671843
    checksum: sha256:bd60f4e4bf7bbadef2ff329112b5267da38a271af3c88fe53c57499c402c6670
    name: pcre2
    evr: 10.32-3.el8_6
  - url: https://rhsm-pulp.corp.redhat.com/content/dist/rhel8/8/s390x/baseos/source/SRPMS/Packages/p/pkgconf-1.4.2-1.el8.src.rpm
    repoid: rhel-8-for-s390x-baseos-source-rpms
    size: 300577
    checksum: sha256:2bbbbb503f27488cc66f935cd31a14f1eb01cd9e5fb9d52260bacdea663abb1a
    name: pkgconf
    evr: 1.4.2-1.el8
  - url: https://rhsm-pulp.corp.redhat.com/content/dist/rhel8/8/s390x/baseos/source/SRPMS/Packages/r/redhat-release-8.10-0.3.el8.src.rpm
    repoid: rhel-8-for-s390x-baseos-source-rpms
    size: 58701
    checksum: sha256:9b36cf3d7c42a8663017a44e4ae42cfcea0837dc416746f26238b1284a291230
    name: redhat-release
    evr: 8.10-0.3.el8
  - url: https://rhsm-pulp.corp.redhat.com/content/dist/rhel8/8/s390x/baseos/source/SRPMS/Packages/s/setup-2.12.2-9.el8.src.rpm
    repoid: rhel-8-for-s390x-baseos-source-rpms
    size: 220230
    checksum: sha256:72f87a1c0c92c9486bdb3748db880281fcc1f947bbedb99edbcebf189e4a5c40
    name: setup
    evr: 2.12.2-9.el8
  - url: https://rhsm-pulp.corp.redhat.com/content/dist/rhel8/8/s390x/baseos/source/SRPMS/Packages/t/texinfo-6.5-7.el8.src.rpm
    repoid: rhel-8-for-s390x-baseos-source-rpms
    size: 4544531
    checksum: sha256:94881acbdc6de2e2e22c7fac12ca732da89b2b6d245ca9f8a5810387090ccb76
    name: texinfo
    evr: 6.5-7.el8
  - url: https://rhsm-pulp.corp.redhat.com/content/dist/rhel8/8/s390x/baseos/source/SRPMS/Packages/t/tzdata-2026b-1.el8.src.rpm
    repoid: rhel-8-for-s390x-baseos-source-rpms
    size: 969579
    checksum: sha256:9d7fbb84c12ca6d43a4f8f6292d24b73e97231218272f43566468642e7f719af
    name: tzdata
    evr: 2026b-1.el8
  - url: https://rhsm-pulp.corp.redhat.com/content/dist/rhel8/8/s390x/baseos/source/SRPMS/Packages/z/zlib-1.2.11-25.el8.src.rpm
    repoid: rhel-8-for-s390x-baseos-source-rpms
    size: 565905
    checksum: sha256:d632ef6e133e08c97258fdee1642a3c24106aa03f80e3c190a9d24be8669da7f
    name: zlib
    evr: 1.2.11-25.el8
  module_metadata: []
- arch: x86_64
  packages:
  - url: https://rhsm-pulp.corp.redhat.com/content/dist/rhel8/8/x86_64/baseos/os/Packages/b/basesystem-11-5.el8.noarch.rpm
    repoid: rhel-8-for-x86_64-baseos-rpms
    size: 10756
    checksum: sha256:b9584e6823ffe9ccf79282bd57ee076a1e3a71c4c1020a20b5e1975141a50f14
    name: basesystem
    evr: 11-5.el8
    sourcerpm: basesystem-11-5.el8.src.rpm
  - url: https://rhsm-pulp.corp.redhat.com/content/dist/rhel8/8/x86_64/baseos/os/Packages/b/bash-4.4.20-6.el8_10.x86_64.rpm
    repoid: rhel-8-for-x86_64-baseos-rpms
    size: 1622752
    checksum: sha256:724c4c7f9c64a770cf243619db7dede2a948a125b106fb46b1403f237ceaebef
    name: bash
    evr: 4.4.20-6.el8_10
    sourcerpm: bash-4.4.20-6.el8_10.src.rpm
  - url: https://rhsm-pulp.corp.redhat.com/content/dist/rhel8/8/x86_64/baseos/os/Packages/f/filesystem-3.8-6.el8.x86_64.rpm
    repoid: rhel-8-for-x86_64-baseos-rpms
    size: 1135804
    checksum: sha256:f82affbd5887242a28bc5bb3f9b3fffde0bf8e2632e958fbf13a76d450fd358a
    name: filesystem
    evr: 3.8-6.el8
    sourcerpm: filesystem-3.8-6.el8.src.rpm
  - url: https://rhsm-pulp.corp.redhat.com/content/dist/rhel8/8/x86_64/baseos/os/Packages/g/glibc-2.28-251.el8_10.38.x86_64.rpm
    repoid: rhel-8-for-x86_64-baseos-rpms
    size: 2308824
    checksum: sha256:fbb3a5ad8e657f3ea4c5687fc3b0f3d1c5eddb5c6cd1bc45bde0b22795837510
    name: glibc
    evr: 2.28-251.el8_10.38
    sourcerpm: glibc-2.28-251.el8_10.38.src.rpm
  - url: https://rhsm-pulp.corp.redhat.com/content/dist/rhel8/8/x86_64/baseos/os/Packages/g/glibc-all-langpacks-2.28-251.el8_10.38.x86_64.rpm
    repoid: rhel-8-for-x86_64-baseos-rpms
    size: 26778364
    checksum: sha256:93294d654358bd65049185700ba60c5ce00d9baa1fb975e6c9acb5ccafc7bcdb
    name: glibc-all-langpacks
    evr: 2.28-251.el8_10.38
    sourcerpm: glibc-2.28-251.el8_10.38.src.rpm
  - url: https://rhsm-pulp.corp.redhat.com/content/dist/rhel8/8/x86_64/baseos/os/Packages/g/glibc-common-2.28-251.el8_10.38.x86_64.rpm
    repoid: rhel-8-for-x86_64-baseos-rpms
    size: 1053836
    checksum: sha256:568866c0ddb0d375a05d893910c77b43c0cf544b44b8506f1ac9e15053078744
    name: glibc-common
    evr: 2.28-251.el8_10.38
    sourcerpm: glibc-2.28-251.el8_10.38.src.rpm
  - url: https://rhsm-pulp.corp.redhat.com/content/dist/rhel8/8/x86_64/baseos/os/Packages/g/glibc-devel-2.28-251.el8_10.38.x86_64.rpm
    repoid: rhel-8-for-x86_64-baseos-rpms
    size: 92844
    checksum: sha256:b2b71f8f9158840197214012a1b6869f4a78d268ee5c5731a0429e492000eb3c
    name: glibc-devel
    evr: 2.28-251.el8_10.38
    sourcerpm: glibc-2.28-251.el8_10.38.src.rpm
  - url: https://rhsm-pulp.corp.redhat.com/content/dist/rhel8/8/x86_64/baseos/os/Packages/g/glibc-gconv-extra-2.28-251.el8_10.38.x86_64.rpm
    repoid: rhel-8-for-x86_64-baseos-rpms
    size: 1627388
    checksum: sha256:3ed165709bdf6f8ec39451fa3c28fc1789b3dc441adc1b9ac751ce57b908bb9a
    name: glibc-gconv-extra
    evr: 2.28-251.el8_10.38
    sourcerpm: glibc-2.28-251.el8_10.38.src.rpm
  - url: https://rhsm-pulp.corp.redhat.com/content/dist/rhel8/8/x86_64/baseos/os/Packages/g/glibc-headers-2.28-251.el8_10.38.x86_64.rpm
    repoid: rhel-8-for-x86_64-baseos-rpms
    size: 507576
    checksum: sha256:e248813e0b83d9e4c6d733161fadb77e6b22aff666764e31f7c3ec1e10d1d664
    name: glibc-headers
    evr: 2.28-251.el8_10.38
    sourcerpm: glibc-2.28-251.el8_10.38.src.rpm
  - url: https://rhsm-pulp.corp.redhat.com/content/dist/rhel8/8/x86_64/baseos/os/Packages/i/info-6.5-7.el8.x86_64.rpm
    repoid: rhel-8-for-x86_64-baseos-rpms
    size: 203252
    checksum: sha256:c8bf8b80be0af687b21bdc37eed82e582f3efbe2466ce81e59f733d6029fb78b
    name: info
    evr: 6.5-7.el8
    sourcerpm: texinfo-6.5-7.el8.src.rpm
  - url: https://rhsm-pulp.corp.redhat.com/content/dist/rhel8/8/x86_64/baseos/os/Packages/k/kernel-headers-4.18.0-553.139.1.el8_10.x86_64.rpm
    repoid: rhel-8-for-x86_64-baseos-rpms
    size: 12524856
    checksum: sha256:74be535cecdd000a665b173abf7e70317ba3ca67fa0f489e6e61d826a117ca35
    name: kernel-headers
    evr: 4.18.0-553.139.1.el8_10
    sourcerpm: kernel-4.18.0-553.139.1.el8_10.src.rpm
  - url: https://rhsm-pulp.corp.redhat.com/content/dist/rhel8/8/x86_64/baseos/os/Packages/l/libgcc-8.5.0-28.el8_10.x86_64.rpm
    repoid: rhel-8-for-x86_64-baseos-rpms
    size: 84328
    checksum: sha256:6901d0887709832430ac8c5ed9d38ff4210b1ecbf7b561807bfa427ae8dcab4e
    name: libgcc
    evr: 8.5.0-28.el8_10
    sourcerpm: gcc-8.5.0-28.el8_10.src.rpm
  - url: https://rhsm-pulp.corp.redhat.com/content/dist/rhel8/8/x86_64/baseos/os/Packages/l/libpkgconf-1.4.2-1.el8.x86_64.rpm
    repoid: rhel-8-for-x86_64-baseos-rpms
    size: 35620
    checksum: sha256:96fadfed6a8225a89b331e7b62ed8ee74b393cea1520fa0d89f6f0dc1a458fb3
    name: libpkgconf
    evr: 1.4.2-1.el8
    sourcerpm: pkgconf-1.4.2-1.el8.src.rpm
  - url: https://rhsm-pulp.corp.redhat.com/content/dist/rhel8/8/x86_64/baseos/os/Packages/l/libselinux-2.9-11.el8_10.x86_64.rpm
    repoid: rhel-8-for-x86_64-baseos-rpms
    size: 169076
    checksum: sha256:25684acd2c63eefb918c076f2fe1f12597edbc620aacd63987d4211dc1c788fa
    name: libselinux
    evr: 2.9-11.el8_10
    sourcerpm: libselinux-2.9-11.el8_10.src.rpm
  - url: https://rhsm-pulp.corp.redhat.com/content/dist/rhel8/8/x86_64/baseos/os/Packages/l/libsepol-2.9-3.el8.x86_64.rpm
    repoid: rhel-8-for-x86_64-baseos-rpms
    size: 348080
    checksum: sha256:d35b0de2bd7c4cf0a2389786b7c61c8d4af176640cbd2427373faeb7c8315f6e
    name: libsepol
    evr: 2.9-3.el8
    sourcerpm: libsepol-2.9-3.el8.src.rpm
  - url: https://rhsm-pulp.corp.redhat.com/content/dist/rhel8/8/x86_64/baseos/os/Packages/l/libxcrypt-4.1.1-6.el8.x86_64.rpm
    repoid: rhel-8-for-x86_64-baseos-rpms
    size: 74508
    checksum: sha256:ef9144f8c9d3f8c1a28146055370065e7b546f1163caabd08bc7d54667702982
    name: libxcrypt
    evr: 4.1.1-6.el8
    sourcerpm: libxcrypt-4.1.1-6.el8.src.rpm
  - url: https://rhsm-pulp.corp.redhat.com/content/dist/rhel8/8/x86_64/baseos/os/Packages/l/libxcrypt-devel-4.1.1-6.el8.x86_64.rpm
    repoid: rhel-8-for-x86_64-baseos-rpms
    size: 25844
    checksum: sha256:f747e081cde1b64bd018e858928aa45dd3b160e6493f8b9c35488a19b6783a84
    name: libxcrypt-devel
    evr: 4.1.1-6.el8
    sourcerpm: libxcrypt-4.1.1-6.el8.src.rpm
  - url: https://rhsm-pulp.corp.redhat.com/content/dist/rhel8/8/x86_64/baseos/os/Packages/n/ncurses-base-6.1-10.20180224.el8.noarch.rpm
    repoid: rhel-8-for-x86_64-baseos-rpms
    size: 83276
    checksum: sha256:207f5578dd44a73761178f8b01030151e44d3d046c1578446d558c5a0a2bf34a
    name: ncurses-base
    evr: 6.1-10.20180224.el8
    sourcerpm: ncurses-6.1-10.20180224.el8.src.rpm
  - url: https://rhsm-pulp.corp.redhat.com/content/dist/rhel8/8/x86_64/baseos/os/Packages/n/ncurses-libs-6.1-10.20180224.el8.x86_64.rpm
    repoid: rhel-8-for-x86_64-baseos-rpms
    size: 341660
    checksum: sha256:19bd810dfea7846a38a3b61ff47eaf758d2fd9d327e94eb0c7562de4c59414d5
    name: ncurses-libs
    evr: 6.1-10.20180224.el8
    sourcerpm: ncurses-6.1-10.20180224.el8.src.rpm
  - url: https://rhsm-pulp.corp.redhat.com/content/dist/rhel8/8/x86_64/baseos/os/Packages/p/pcre2-10.32-3.el8_6.x86_64.rpm
    repoid: rhel-8-for-x86_64-baseos-rpms
    size: 252604
    checksum: sha256:c504e02ff8af5607b7b23bcdceee78f728ab16a9adc053bd774739d520d95ecb
    name: pcre2
    evr: 10.32-3.el8_6
    sourcerpm: pcre2-10.32-3.el8_6.src.rpm
  - url: https://rhsm-pulp.corp.redhat.com/content/dist/rhel8/8/x86_64/baseos/os/Packages/p/pkgconf-1.4.2-1.el8.x86_64.rpm
    repoid: rhel-8-for-x86_64-baseos-rpms
    size: 38956
    checksum: sha256:b9d0a4c0e16db4c05b2d0690216d8c5da2db7d67bc765a00ce2a32c5f810c245
    name: pkgconf
    evr: 1.4.2-1.el8
    sourcerpm: pkgconf-1.4.2-1.el8.src.rpm
  - url: https://rhsm-pulp.corp.redhat.com/content/dist/rhel8/8/x86_64/baseos/os/Packages/p/pkgconf-m4-1.4.2-1.el8.noarch.rpm
    repoid: rhel-8-for-x86_64-baseos-rpms
    size: 17484
    checksum: sha256:9a89874a5b8326c85c0b34b02c122ffc052b32a12b20354ce95859ac5296a159
    name: pkgconf-m4
    evr: 1.4.2-1.el8
    sourcerpm: pkgconf-1.4.2-1.el8.src.rpm
  - url: https://rhsm-pulp.corp.redhat.com/content/dist/rhel8/8/x86_64/baseos/os/Packages/p/pkgconf-pkg-config-1.4.2-1.el8.x86_64.rpm
    repoid: rhel-8-for-x86_64-baseos-rpms
    size: 15628
    checksum: sha256:1c4a8674eafc31d36030f3fd0c081326d4301570d4e35b59d6f6ef1e163f655b
    name: pkgconf-pkg-config
    evr: 1.4.2-1.el8
    sourcerpm: pkgconf-1.4.2-1.el8.src.rpm
  - url: https://rhsm-pulp.corp.redhat.com/content/dist/rhel8/8/x86_64/baseos/os/Packages/r/redhat-release-8.10-0.3.el8.x86_64.rpm
    repoid: rhel-8-for-x86_64-baseos-rpms
    size: 46580
    checksum: sha256:e0e166b34568c303eca2ff0b4ba24dc5d945b8415a5c7b1c0e8b72dd2c70434b
    name: redhat-release
    evr: 8.10-0.3.el8
    sourcerpm: redhat-release-8.10-0.3.el8.src.rpm
  - url: https://rhsm-pulp.corp.redhat.com/content/dist/rhel8/8/x86_64/baseos/os/Packages/r/redhat-release-eula-8.10-0.3.el8.x86_64.rpm
    repoid: rhel-8-for-x86_64-baseos-rpms
    size: 21324
    checksum: sha256:ec51e402dbc0961a77b166ed1c5bfe3628f2dd4a44c0622b3a56b48019248b6d
    name: redhat-release-eula
    evr: 8.10-0.3.el8
    sourcerpm: redhat-release-8.10-0.3.el8.src.rpm
  - url: https://rhsm-pulp.corp.redhat.com/content/dist/rhel8/8/x86_64/baseos/os/Packages/s/setup-2.12.2-9.el8.noarch.rpm
    repoid: rhel-8-for-x86_64-baseos-rpms
    size: 185300
    checksum: sha256:da010e1bf1c658361a7b2a38c86bcfc82470c994b2793f5f80509d73cb468fd6
    name: setup
    evr: 2.12.2-9.el8
    sourcerpm: setup-2.12.2-9.el8.src.rpm
  - url: https://rhsm-pulp.corp.redhat.com/content/dist/rhel8/8/x86_64/baseos/os/Packages/t/tzdata-2026b-1.el8.noarch.rpm
    repoid: rhel-8-for-x86_64-baseos-rpms
    size: 562980
    checksum: sha256:1fcff97620f44dd9750407def200e16d073285a2576a6581932822318d4788e9
    name: tzdata
    evr: 2026b-1.el8
    sourcerpm: tzdata-2026b-1.el8.src.rpm
  - url: https://rhsm-pulp.corp.redhat.com/content/dist/rhel8/8/x86_64/baseos/os/Packages/z/zlib-1.2.11-25.el8.x86_64.rpm
    repoid: rhel-8-for-x86_64-baseos-rpms
    size: 105848
    checksum: sha256:7b443e7b008f38c216dd7b36c0d6ce64ececd8b884a91706c7f878140ec5f332
    name: zlib
    evr: 1.2.11-25.el8
    sourcerpm: zlib-1.2.11-25.el8.src.rpm
  - url: https://rhsm-pulp.corp.redhat.com/content/dist/rhel8/8/x86_64/codeready-builder/os/Packages/g/glibc-static-2.28-251.el8_10.38.x86_64.rpm
    repoid: codeready-builder-for-rhel-8-x86_64-rpms
    size: 2201356
    checksum: sha256:abe1d3b3412a498ed6de234dc97655d53d23382371e2486e70cd9fca27d0958d
    name: glibc-static
    evr: 2.28-251.el8_10.38
    sourcerpm: glibc-2.28-251.el8_10.38.src.rpm
  - url: https://rhsm-pulp.corp.redhat.com/content/dist/rhel8/8/x86_64/codeready-builder/os/Packages/l/libxcrypt-static-4.1.1-6.el8.x86_64.rpm
    repoid: codeready-builder-for-rhel-8-x86_64-rpms
    size: 57596
    checksum: sha256:c1906c85fa30b9a7b8e83c59cc2aee69d1bd39e5ecc7a49cbf77fd98a43b06ff
    name: libxcrypt-static
    evr: 4.1.1-6.el8
    sourcerpm: libxcrypt-4.1.1-6.el8.src.rpm
  source:
  - url: https://rhsm-pulp.corp.redhat.com/content/dist/rhel8/8/x86_64/baseos/source/SRPMS/Packages/b/basesystem-11-5.el8.src.rpm
    repoid: rhel-8-for-x86_64-baseos-source-rpms
    size: 11934
    checksum: sha256:95fb2c11bd59c51fcb0c0239e3e2c307d7d8d40c24b2960792bbc8af8c14f95c
    name: basesystem
    evr: 11-5.el8
  - url: https://rhsm-pulp.corp.redhat.com/content/dist/rhel8/8/x86_64/baseos/source/SRPMS/Packages/b/bash-4.4.20-6.el8_10.src.rpm
    repoid: rhel-8-for-x86_64-baseos-source-rpms
    size: 9479153
    checksum: sha256:f0e4182affffe350e5dbd55e410baed663d514cd6832108b83899ac8d1524830
    name: bash
    evr: 4.4.20-6.el8_10
  - url: https://rhsm-pulp.corp.redhat.com/content/dist/rhel8/8/x86_64/baseos/source/SRPMS/Packages/f/filesystem-3.8-6.el8.src.rpm
    repoid: rhel-8-for-x86_64-baseos-source-rpms
    size: 37286
    checksum: sha256:113b7c5e28cc1d44e21c564c17d8c592a3f8a20b4c268cdaad6a407dee4d1540
    name: filesystem
    evr: 3.8-6.el8
  - url: https://rhsm-pulp.corp.redhat.com/content/dist/rhel8/8/x86_64/baseos/source/SRPMS/Packages/g/gcc-8.5.0-28.el8_10.src.rpm
    repoid: rhel-8-for-x86_64-baseos-source-rpms
    size: 65716029
    checksum: sha256:1e81087ab2f1f3435e106d747529d2a178e33a285722662fa89c56a37f471489
    name: gcc
    evr: 8.5.0-28.el8_10
  - url: https://rhsm-pulp.corp.redhat.com/content/dist/rhel8/8/x86_64/baseos/source/SRPMS/Packages/g/glibc-2.28-251.el8_10.38.src.rpm
    repoid: rhel-8-for-x86_64-baseos-source-rpms
    size: 18594776
    checksum: sha256:757bbd4e794bff0e336e2e73fd0bffb74b2ff3fcd1c8f9d08397087a455110a1
    name: glibc
    evr: 2.28-251.el8_10.38
  - url: https://rhsm-pulp.corp.redhat.com/content/dist/rhel8/8/x86_64/baseos/source/SRPMS/Packages/k/kernel-4.18.0-553.139.1.el8_10.src.rpm
    repoid: rhel-8-for-x86_64-baseos-source-rpms
    size: 138831867
    checksum: sha256:f1fcb6e4bf72265f8071b6aacf4ee3347a8644a6f7d9ed7f685247c003c427f7
    name: kernel
    evr: 4.18.0-553.139.1.el8_10
  - url: https://rhsm-pulp.corp.redhat.com/content/dist/rhel8/8/x86_64/baseos/source/SRPMS/Packages/l/libselinux-2.9-11.el8_10.src.rpm
    repoid: rhel-8-for-x86_64-baseos-source-rpms
    size: 355013
    checksum: sha256:47297c6a5ffa7556e1a19ac8f65b593f0cbb403cc743fde89e3c9a0424b1b0fc
    name: libselinux
    evr: 2.9-11.el8_10
  - url: https://rhsm-pulp.corp.redhat.com/content/dist/rhel8/8/x86_64/baseos/source/SRPMS/Packages/l/libsepol-2.9-3.el8.src.rpm
    repoid: rhel-8-for-x86_64-baseos-source-rpms
    size: 562616
    checksum: sha256:98d64b940c64159d3e3a18e1b25cd7b9018563db56c9ecdc7d4f4481e4dde0dc
    name: libsepol
    evr: 2.9-3.el8
  - url: https://rhsm-pulp.corp.redhat.com/content/dist/rhel8/8/x86_64/baseos/source/SRPMS/Packages/l/libxcrypt-4.1.1-6.el8.src.rpm
    repoid: rhel-8-for-x86_64-baseos-source-rpms
    size: 229519
    checksum: sha256:d9803b5dd6cdbb4fd977258092cb50c48c8e28f3e3b4a0d6056c093983e17b29
    name: libxcrypt
    evr: 4.1.1-6.el8
  - url: https://rhsm-pulp.corp.redhat.com/content/dist/rhel8/8/x86_64/baseos/source/SRPMS/Packages/n/ncurses-6.1-10.20180224.el8.src.rpm
    repoid: rhel-8-for-x86_64-baseos-source-rpms
    size: 3422193
    checksum: sha256:6fcd8a8bc7eca36c65368df740a5760961740d0c34342cdb0eb23b54799948a4
    name: ncurses
    evr: 6.1-10.20180224.el8
  - url: https://rhsm-pulp.corp.redhat.com/content/dist/rhel8/8/x86_64/baseos/source/SRPMS/Packages/p/pcre2-10.32-3.el8_6.src.rpm
    repoid: rhel-8-for-x86_64-baseos-source-rpms
    size: 1671843
    checksum: sha256:bd60f4e4bf7bbadef2ff329112b5267da38a271af3c88fe53c57499c402c6670
    name: pcre2
    evr: 10.32-3.el8_6
  - url: https://rhsm-pulp.corp.redhat.com/content/dist/rhel8/8/x86_64/baseos/source/SRPMS/Packages/p/pkgconf-1.4.2-1.el8.src.rpm
    repoid: rhel-8-for-x86_64-baseos-source-rpms
    size: 300577
    checksum: sha256:2bbbbb503f27488cc66f935cd31a14f1eb01cd9e5fb9d52260bacdea663abb1a
    name: pkgconf
    evr: 1.4.2-1.el8
  - url: https://rhsm-pulp.corp.redhat.com/content/dist/rhel8/8/x86_64/baseos/source/SRPMS/Packages/r/redhat-release-8.10-0.3.el8.src.rpm
    repoid: rhel-8-for-x86_64-baseos-source-rpms
    size: 58701
    checksum: sha256:9b36cf3d7c42a8663017a44e4ae42cfcea0837dc416746f26238b1284a291230
    name: redhat-release
    evr: 8.10-0.3.el8
  - url: https://rhsm-pulp.corp.redhat.com/content/dist/rhel8/8/x86_64/baseos/source/SRPMS/Packages/s/setup-2.12.2-9.el8.src.rpm
    repoid: rhel-8-for-x86_64-baseos-source-rpms
    size: 220230
    checksum: sha256:72f87a1c0c92c9486bdb3748db880281fcc1f947bbedb99edbcebf189e4a5c40
    name: setup
    evr: 2.12.2-9.el8
  - url: https://rhsm-pulp.corp.redhat.com/content/dist/rhel8/8/x86_64/baseos/source/SRPMS/Packages/t/texinfo-6.5-7.el8.src.rpm
    repoid: rhel-8-for-x86_64-baseos-source-rpms
    size: 4544531
    checksum: sha256:94881acbdc6de2e2e22c7fac12ca732da89b2b6d245ca9f8a5810387090ccb76
    name: texinfo
    evr: 6.5-7.el8
  - url: https://rhsm-pulp.corp.redhat.com/content/dist/rhel8/8/x86_64/baseos/source/SRPMS/Packages/t/tzdata-2026b-1.el8.src.rpm
    repoid: rhel-8-for-x86_64-baseos-source-rpms
    size: 969579
    checksum: sha256:9d7fbb84c12ca6d43a4f8f6292d24b73e97231218272f43566468642e7f719af
    name: tzdata
    evr: 2026b-1.el8
  - url: https://rhsm-pulp.corp.redhat.com/content/dist/rhel8/8/x86_64/baseos/source/SRPMS/Packages/z/zlib-1.2.11-25.el8.src.rpm
    repoid: rhel-8-for-x86_64-baseos-source-rpms
    size: 565905
    checksum: sha256:d632ef6e133e08c97258fdee1642a3c24106aa03f80e3c190a9d24be8669da7f
    name: zlib
    evr: 1.2.11-25.el8
  module_metadata: []
